// !$*UTF8*$!
{
	archiveVersion = 1;
	classes = {
	};
	objectVersion = 46;
	objects = {

/* Begin PBXBuildFile section */
		63D504A9DB4D5859AA42DD2D /* Pods_JustLogin_MECS.framework in Frameworks */ = {isa = PBXBuildFile; fileRef = 15D37D7EE66395E5AB8DC348 /* Pods_JustLogin_MECS.framework */; };
		839D44459D2522C8846C08E2 /* Pods_JustLogin_MECSUITests.framework in Frameworks */ = {isa = PBXBuildFile; fileRef = 3671BE43F8E06AB95554995F /* Pods_JustLogin_MECSUITests.framework */; };
		8B05F0FBD4572578B936E0DC /* Pods_JustLogin_MECSTests.framework in Frameworks */ = {isa = PBXBuildFile; fileRef = 58A0856FCDD166070D12893C /* Pods_JustLogin_MECSTests.framework */; };
		8C00F62B1E1E633B0007F29C /* Assets.xcassets in Resources */ = {isa = PBXBuildFile; fileRef = 8C00F62A1E1E633B0007F29C /* Assets.xcassets */; };
		8C00F62E1E1E633B0007F29C /* LaunchScreen.storyboard in Resources */ = {isa = PBXBuildFile; fileRef = 8C00F62C1E1E633B0007F29C /* LaunchScreen.storyboard */; };
		8C00F6391E1E633B0007F29C /* JustLogin_MECSTests.swift in Sources */ = {isa = PBXBuildFile; fileRef = 8C00F6381E1E633B0007F29C /* JustLogin_MECSTests.swift */; };
		8C00F6441E1E633B0007F29C /* JustLogin_MECSUITests.swift in Sources */ = {isa = PBXBuildFile; fileRef = 8C00F6431E1E633B0007F29C /* JustLogin_MECSUITests.swift */; };
		8C00F6601E1E651A0007F29C /* AppDelegate.swift in Sources */ = {isa = PBXBuildFile; fileRef = 8C00F6531E1E651A0007F29C /* AppDelegate.swift */; };
		8C00F6611E1E651A0007F29C /* Main.storyboard in Resources */ = {isa = PBXBuildFile; fileRef = 8C00F65B1E1E651A0007F29C /* Main.storyboard */; };
		8C00F6651E1E870B0007F29C /* LaunchCollectionViewCell.swift in Sources */ = {isa = PBXBuildFile; fileRef = 8C00F6641E1E870B0007F29C /* LaunchCollectionViewCell.swift */; };
		8C07A5631E6E87390015D419 /* AddExpenseTableViewCellCategory.swift in Sources */ = {isa = PBXBuildFile; fileRef = 8C07A5621E6E87390015D419 /* AddExpenseTableViewCellCategory.swift */; };
		8C07A5651E6E87570015D419 /* AddExpenseTableViewCellDate.swift in Sources */ = {isa = PBXBuildFile; fileRef = 8C07A5641E6E87570015D419 /* AddExpenseTableViewCellDate.swift */; };
		8C07A5671E6E87840015D419 /* AddExpenseTableViewCellCurrencyAndAmount.swift in Sources */ = {isa = PBXBuildFile; fileRef = 8C07A5661E6E87840015D419 /* AddExpenseTableViewCellCurrencyAndAmount.swift */; };
		8C07A5691E6E88DE0015D419 /* AddExpenseTableViewCellWithTextField.swift in Sources */ = {isa = PBXBuildFile; fileRef = 8C07A5681E6E88DE0015D419 /* AddExpenseTableViewCellWithTextField.swift */; };
		8C07A56B1E6E88F00015D419 /* AddExpenseTableViewCellWithMultipleSelection.swift in Sources */ = {isa = PBXBuildFile; fileRef = 8C07A56A1E6E88F00015D419 /* AddExpenseTableViewCellWithMultipleSelection.swift */; };
		8C07A56D1E6E89EE0015D419 /* AddExpenseTableViewCellWithImageSelection.swift in Sources */ = {isa = PBXBuildFile; fileRef = 8C07A56C1E6E89EE0015D419 /* AddExpenseTableViewCellWithImageSelection.swift */; };
		8C07A56F1E6E8BB30015D419 /* AddExpenseTableViewCellWithTextView.swift in Sources */ = {isa = PBXBuildFile; fileRef = 8C07A56E1E6E8BB30015D419 /* AddExpenseTableViewCellWithTextView.swift */; };
		8C07A5711E6E8BDF0015D419 /* AddExpenseBaseTableViewCell.swift in Sources */ = {isa = PBXBuildFile; fileRef = 8C07A5701E6E8BDF0015D419 /* AddExpenseBaseTableViewCell.swift */; };
		8C0A01CA1E77B29600A96867 /* ReportDetailsFooterView.xib in Resources */ = {isa = PBXBuildFile; fileRef = 8C0A01C91E77B29600A96867 /* ReportDetailsFooterView.xib */; };
		8C0A01CC1E77BBD300A96867 /* ReportDetailsTableViewCell.swift in Sources */ = {isa = PBXBuildFile; fileRef = 8C0A01CB1E77BBD300A96867 /* ReportDetailsTableViewCell.swift */; };
		8C0A01D01E77C38100A96867 /* Dictionary.swift in Sources */ = {isa = PBXBuildFile; fileRef = 8C0A01CE1E77C38100A96867 /* Dictionary.swift */; };
		8C0A01D11E77C38100A96867 /* Double.swift in Sources */ = {isa = PBXBuildFile; fileRef = 8C0A01CF1E77C38100A96867 /* Double.swift */; };
		8C0A01DC1E78CA0E00A96867 /* ApprovalService.swift in Sources */ = {isa = PBXBuildFile; fileRef = 8C0A01DB1E78CA0E00A96867 /* ApprovalService.swift */; };
		8C0A01DE1E78E15100A96867 /* ApproversListViewController.swift in Sources */ = {isa = PBXBuildFile; fileRef = 8C0A01DD1E78E15100A96867 /* ApproversListViewController.swift */; };
		8C0A01E01E78E19400A96867 /* ApproversListManager.swift in Sources */ = {isa = PBXBuildFile; fileRef = 8C0A01DF1E78E19400A96867 /* ApproversListManager.swift */; };
		8C0A01E21E78E4E700A96867 /* ApproversListTableViewCell.swift in Sources */ = {isa = PBXBuildFile; fileRef = 8C0A01E11E78E4E700A96867 /* ApproversListTableViewCell.swift */; };
		8C0A01E41E78EAB600A96867 /* MemberService.swift in Sources */ = {isa = PBXBuildFile; fileRef = 8C0A01E31E78EAB600A96867 /* MemberService.swift */; };
		8C1766501E7A65D500D1CDE0 /* ApprovalListManager.swift in Sources */ = {isa = PBXBuildFile; fileRef = 8C17664F1E7A65D500D1CDE0 /* ApprovalListManager.swift */; };
		8C1766521E7A7B3A00D1CDE0 /* UIColor.swift in Sources */ = {isa = PBXBuildFile; fileRef = 8C1766511E7A7B3A00D1CDE0 /* UIColor.swift */; };
		8C1766551E7A851200D1CDE0 /* Styles.swift in Sources */ = {isa = PBXBuildFile; fileRef = 8C1766541E7A851200D1CDE0 /* Styles.swift */; };
		8C26DDB91E779DE400FC0E13 /* ReportDetailsFooterView.swift in Sources */ = {isa = PBXBuildFile; fileRef = 8C26DDB81E779DE400FC0E13 /* ReportDetailsFooterView.swift */; };
		8C299FF31E681EDA0077A730 /* ExpenseDetailsHeaderView.swift in Sources */ = {isa = PBXBuildFile; fileRef = 8C299FF21E681EDA0077A730 /* ExpenseDetailsHeaderView.swift */; };
		8C37681E1E7F887200E82044 /* ReportDetailsAuditHistoryStrategy.swift in Sources */ = {isa = PBXBuildFile; fileRef = 8C37681A1E7F887200E82044 /* ReportDetailsAuditHistoryStrategy.swift */; };
		8C37681F1E7F887200E82044 /* ReportDetailsBaseStrategy.swift in Sources */ = {isa = PBXBuildFile; fileRef = 8C37681B1E7F887200E82044 /* ReportDetailsBaseStrategy.swift */; };
		8C3768201E7F887200E82044 /* ReportDetailsExpenseStrategy.swift in Sources */ = {isa = PBXBuildFile; fileRef = 8C37681C1E7F887200E82044 /* ReportDetailsExpenseStrategy.swift */; };
		8C3768211E7F887200E82044 /* ReportDetailsMoreDetailStrategy.swift in Sources */ = {isa = PBXBuildFile; fileRef = 8C37681D1E7F887200E82044 /* ReportDetailsMoreDetailStrategy.swift */; };
		8C3768241E7F888C00E82044 /* ReportDetailsToolBarBaseStrategy.swift in Sources */ = {isa = PBXBuildFile; fileRef = 8C3768231E7F888C00E82044 /* ReportDetailsToolBarBaseStrategy.swift */; };
		8C37682A1E7FB51E00E82044 /* ReportDetailsToolBarUnsubmittedStrategy.swift in Sources */ = {isa = PBXBuildFile; fileRef = 8C3768291E7FB51E00E82044 /* ReportDetailsToolBarUnsubmittedStrategy.swift */; };
		8C37682C1E7FE9F000E82044 /* ReportDetailsToolBarSubmittedStrategy.swift in Sources */ = {isa = PBXBuildFile; fileRef = 8C37682B1E7FE9F000E82044 /* ReportDetailsToolBarSubmittedStrategy.swift */; };
		8C37682E1E7FF9FB00E82044 /* ReportDetailsToolBarApprovalListSubmittedStrategy.swift in Sources */ = {isa = PBXBuildFile; fileRef = 8C37682D1E7FF9FB00E82044 /* ReportDetailsToolBarApprovalListSubmittedStrategy.swift */; };
		8C3768301E7FFC0E00E82044 /* ReportDetailsToolBarApprovalListApprovedStrategy.swift in Sources */ = {isa = PBXBuildFile; fileRef = 8C37682F1E7FFC0E00E82044 /* ReportDetailsToolBarApprovalListApprovedStrategy.swift */; };
		8C3768321E7FFE8D00E82044 /* ReportDetailsToolBarApprovalListReimbursedStrategy.swift in Sources */ = {isa = PBXBuildFile; fileRef = 8C3768311E7FFE8D00E82044 /* ReportDetailsToolBarApprovalListReimbursedStrategy.swift */; };
		8C3768341E80053900E82044 /* ReportDetailsToolBarApprovedAndReimbursedStrategy.swift in Sources */ = {isa = PBXBuildFile; fileRef = 8C3768331E80053900E82044 /* ReportDetailsToolBarApprovedAndReimbursedStrategy.swift */; };
		8C42DFD31E63DE7D00A3B69A /* AddReportViewController.swift in Sources */ = {isa = PBXBuildFile; fileRef = 8C42DFD21E63DE7D00A3B69A /* AddReportViewController.swift */; };
		8C42DFD51E63DEA300A3B69A /* ReportDetailsViewController.swift in Sources */ = {isa = PBXBuildFile; fileRef = 8C42DFD41E63DEA300A3B69A /* ReportDetailsViewController.swift */; };
		8C42DFD71E63E03400A3B69A /* AddReportManager.swift in Sources */ = {isa = PBXBuildFile; fileRef = 8C42DFD61E63E03400A3B69A /* AddReportManager.swift */; };
		8C42DFD91E63E05100A3B69A /* ReportDetailsManager.swift in Sources */ = {isa = PBXBuildFile; fileRef = 8C42DFD81E63E05100A3B69A /* ReportDetailsManager.swift */; };
		8C42DFDB1E63E1AA00A3B69A /* Report.storyboard in Resources */ = {isa = PBXBuildFile; fileRef = 8C42DFDA1E63E1AA00A3B69A /* Report.storyboard */; };
		8C42DFDD1E6436C900A3B69A /* ExpenseAndReportField.swift in Sources */ = {isa = PBXBuildFile; fileRef = 8C42DFDC1E6436C900A3B69A /* ExpenseAndReportField.swift */; };
		8C5141291E1E98EC003AD3B1 /* Constants.swift in Sources */ = {isa = PBXBuildFile; fileRef = 8C5141281E1E98EC003AD3B1 /* Constants.swift */; };
		8C5141371E1F5F53003AD3B1 /* BaseViewController.swift in Sources */ = {isa = PBXBuildFile; fileRef = 8C5141361E1F5F53003AD3B1 /* BaseViewController.swift */; };
		8C51413B1E1F5F95003AD3B1 /* BaseCustomCollectionViewCell.swift in Sources */ = {isa = PBXBuildFile; fileRef = 8C51413A1E1F5F95003AD3B1 /* BaseCustomCollectionViewCell.swift */; };
		8C51413F1E1F5FDB003AD3B1 /* BaseCustomTableViewCell.swift in Sources */ = {isa = PBXBuildFile; fileRef = 8C51413E1E1F5FDB003AD3B1 /* BaseCustomTableViewCell.swift */; };
		8C8995D51E60821200482317 /* AddExpenseViewController.swift in Sources */ = {isa = PBXBuildFile; fileRef = 8C8995D41E60821200482317 /* AddExpenseViewController.swift */; };
		8C8995D71E60822B00482317 /* ExpenseDetailsViewController.swift in Sources */ = {isa = PBXBuildFile; fileRef = 8C8995D61E60822B00482317 /* ExpenseDetailsViewController.swift */; };
		8C8995D91E60836C00482317 /* AddExpenseManager.swift in Sources */ = {isa = PBXBuildFile; fileRef = 8C8995D81E60836C00482317 /* AddExpenseManager.swift */; };
		8C8995DB1E60839400482317 /* ExpenseDetailsManager.swift in Sources */ = {isa = PBXBuildFile; fileRef = 8C8995DA1E60839400482317 /* ExpenseDetailsManager.swift */; };
		8C8995DD1E6085D900482317 /* Expense.storyboard in Resources */ = {isa = PBXBuildFile; fileRef = 8C8995DC1E6085D900482317 /* Expense.storyboard */; };
		8C9601FF1E1FAE8C00EE66A3 /* Dashboard.storyboard in Resources */ = {isa = PBXBuildFile; fileRef = 8C9601FE1E1FAE8C00EE66A3 /* Dashboard.storyboard */; };
		8C9602001E1FAE8C00EE66A3 /* Dashboard.storyboard in Resources */ = {isa = PBXBuildFile; fileRef = 8C9601FE1E1FAE8C00EE66A3 /* Dashboard.storyboard */; };
		8C9602011E1FAE8C00EE66A3 /* Dashboard.storyboard in Resources */ = {isa = PBXBuildFile; fileRef = 8C9601FE1E1FAE8C00EE66A3 /* Dashboard.storyboard */; };
		8C96020A1E1FDB7F00EE66A3 /* LaunchViewController.swift in Sources */ = {isa = PBXBuildFile; fileRef = 8C9602051E1FDB7F00EE66A3 /* LaunchViewController.swift */; };
		8C96020D1E1FDB7F00EE66A3 /* SignInViewController.swift in Sources */ = {isa = PBXBuildFile; fileRef = 8C9602061E1FDB7F00EE66A3 /* SignInViewController.swift */; };
		8C9602101E1FDB7F00EE66A3 /* SignUpViewController.swift in Sources */ = {isa = PBXBuildFile; fileRef = 8C9602071E1FDB7F00EE66A3 /* SignUpViewController.swift */; };
		8C9602141E1FDB9900EE66A3 /* HomeViewController.swift in Sources */ = {isa = PBXBuildFile; fileRef = 8C9602131E1FDB9900EE66A3 /* HomeViewController.swift */; };
		8C96021D1E1FE14A00EE66A3 /* Enums.swift in Sources */ = {isa = PBXBuildFile; fileRef = 8C96021C1E1FE14A00EE66A3 /* Enums.swift */; };
		8CA4B6EA1E28A3DA007C3BE5 /* ReportListViewController.swift in Sources */ = {isa = PBXBuildFile; fileRef = 8CA4B6E91E28A3DA007C3BE5 /* ReportListViewController.swift */; };
		8CA4B6EF1E28A5A8007C3BE5 /* ApprovalListViewController.swift in Sources */ = {isa = PBXBuildFile; fileRef = 8CA4B6EE1E28A5A8007C3BE5 /* ApprovalListViewController.swift */; };
		8CA4B6F31E28ACA6007C3BE5 /* ReportListTableViewCell.swift in Sources */ = {isa = PBXBuildFile; fileRef = 8CA4B6F21E28ACA6007C3BE5 /* ReportListTableViewCell.swift */; };
		8CA4B6F71E28C3A6007C3BE5 /* ExpenseListTableViewCell.swift in Sources */ = {isa = PBXBuildFile; fileRef = 8CA4B6F61E28C3A6007C3BE5 /* ExpenseListTableViewCell.swift */; };
		8CB44AD21E5AC642005CC04D /* ExpenseListManager.swift in Sources */ = {isa = PBXBuildFile; fileRef = 8CB44AD11E5AC642005CC04D /* ExpenseListManager.swift */; };
		8CB44AD41E5B0380005CC04D /* ReportListManager.swift in Sources */ = {isa = PBXBuildFile; fileRef = 8CB44AD31E5B0380005CC04D /* ReportListManager.swift */; };
		8CB44AD61E5B1163005CC04D /* Utilities.swift in Sources */ = {isa = PBXBuildFile; fileRef = 8CB44AD51E5B1163005CC04D /* Utilities.swift */; };
		8CD333191E23BC7D00557B6F /* ExpenseListViewController.swift in Sources */ = {isa = PBXBuildFile; fileRef = 8CD333181E23BC7D00557B6F /* ExpenseListViewController.swift */; };
		8CD3331D1E23C48000557B6F /* SettingsListViewController.swift in Sources */ = {isa = PBXBuildFile; fileRef = 8CD3331C1E23C48000557B6F /* SettingsListViewController.swift */; };
		8CD333211E23C4E500557B6F /* BaseViewControllerWithTableView.swift in Sources */ = {isa = PBXBuildFile; fileRef = 8CD333201E23C4E500557B6F /* BaseViewControllerWithTableView.swift */; };
		8CE007151E28D7C90089D159 /* ApprovalListTableViewCell.swift in Sources */ = {isa = PBXBuildFile; fileRef = 8CE007141E28D7C90089D159 /* ApprovalListTableViewCell.swift */; };
		8CE007231E28F3280089D159 /* SettingsTableProfileSectionHeaderView.swift in Sources */ = {isa = PBXBuildFile; fileRef = 8CE007211E28F3280089D159 /* SettingsTableProfileSectionHeaderView.swift */; };
		8CE007271E28F3420089D159 /* SettingsTableProfileSectionHeaderView.xib in Resources */ = {isa = PBXBuildFile; fileRef = 8CE007261E28F3420089D159 /* SettingsTableProfileSectionHeaderView.xib */; };
		8CE007281E28F3420089D159 /* SettingsTableProfileSectionHeaderView.xib in Resources */ = {isa = PBXBuildFile; fileRef = 8CE007261E28F3420089D159 /* SettingsTableProfileSectionHeaderView.xib */; };
		8CE007291E28F3420089D159 /* SettingsTableProfileSectionHeaderView.xib in Resources */ = {isa = PBXBuildFile; fileRef = 8CE007261E28F3420089D159 /* SettingsTableProfileSectionHeaderView.xib */; };
		8CEAADBE1E55468100BDB5ED /* BaseService.swift in Sources */ = {isa = PBXBuildFile; fileRef = 8CEAADBD1E55468100BDB5ED /* BaseService.swift */; };
		8CEB70B71E6D3C3500411ECB /* Strings.swift in Sources */ = {isa = PBXBuildFile; fileRef = 8CEB70B61E6D3C3500411ECB /* Strings.swift */; };
		8CF2FBD31E7156A3001C008E /* SettingsListManager.swift in Sources */ = {isa = PBXBuildFile; fileRef = 8CF2FBD21E7156A3001C008E /* SettingsListManager.swift */; };
		8CF2FBD51E71A26D001C008E /* ExpenseAuditHistory.swift in Sources */ = {isa = PBXBuildFile; fileRef = 8CF2FBD41E71A26D001C008E /* ExpenseAuditHistory.swift */; };
		8CF2FBD71E726E56001C008E /* ExpenseDetailsAuditHistoryTableViewCell.swift in Sources */ = {isa = PBXBuildFile; fileRef = 8CF2FBD61E726E56001C008E /* ExpenseDetailsAuditHistoryTableViewCell.swift */; };
		8CF2FBDC1E72C6A4001C008E /* Category.storyboard in Resources */ = {isa = PBXBuildFile; fileRef = 8CF2FBDB1E72C6A4001C008E /* Category.storyboard */; };
		8CF2FBDF1E72C73C001C008E /* ReviewSelectCategoryManager.swift in Sources */ = {isa = PBXBuildFile; fileRef = 8CF2FBDE1E72C73C001C008E /* ReviewSelectCategoryManager.swift */; };
		8CF2FBE11E72C76E001C008E /* CategoryService.swift in Sources */ = {isa = PBXBuildFile; fileRef = 8CF2FBE01E72C76E001C008E /* CategoryService.swift */; };
		8CF2FBE41E72CE00001C008E /* ReviewSelectCategoryTableViewCell.swift in Sources */ = {isa = PBXBuildFile; fileRef = 8CF2FBE31E72CE00001C008E /* ReviewSelectCategoryTableViewCell.swift */; };
		8CF2FBE71E72D61B001C008E /* ReviewSelectCategoryViewController.swift in Sources */ = {isa = PBXBuildFile; fileRef = 8CF2FBE61E72D61B001C008E /* ReviewSelectCategoryViewController.swift */; };
		8CF342411E5D3941008387BF /* SignInManager.swift in Sources */ = {isa = PBXBuildFile; fileRef = 8CF342401E5D3941008387BF /* SignInManager.swift */; };
		8CF342441E5D40E4008387BF /* BaseManager.swift in Sources */ = {isa = PBXBuildFile; fileRef = 8CF342431E5D40E4008387BF /* BaseManager.swift */; };
		8CF3F64E1E652AA900A18D73 /* AddReportTableViewCellWithTextField.swift in Sources */ = {isa = PBXBuildFile; fileRef = 8CF3F64D1E652AA900A18D73 /* AddReportTableViewCellWithTextField.swift */; };
		8CF3F6501E652B0100A18D73 /* AddReportTableViewCellWithMultipleSelection.swift in Sources */ = {isa = PBXBuildFile; fileRef = 8CF3F64F1E652B0100A18D73 /* AddReportTableViewCellWithMultipleSelection.swift */; };
		8CF3F6521E652B1E00A18D73 /* AddReportTableViewCellDuration.swift in Sources */ = {isa = PBXBuildFile; fileRef = 8CF3F6511E652B1E00A18D73 /* AddReportTableViewCellDuration.swift */; };
		8CF3F6541E652B3400A18D73 /* AddReportTableViewCellWithTextView.swift in Sources */ = {isa = PBXBuildFile; fileRef = 8CF3F6531E652B3400A18D73 /* AddReportTableViewCellWithTextView.swift */; };
		8CF3F6591E6671DA00A18D73 /* AddReportBaseTableViewCell.swift in Sources */ = {isa = PBXBuildFile; fileRef = 8CF3F6581E6671DA00A18D73 /* AddReportBaseTableViewCell.swift */; };
		8CF655C71E58387100D4FEF3 /* LoginService.swift in Sources */ = {isa = PBXBuildFile; fileRef = 8CF655C61E58387100D4FEF3 /* LoginService.swift */; };
		8CF655C91E58455A00D4FEF3 /* Member.swift in Sources */ = {isa = PBXBuildFile; fileRef = 8CF655C81E58455A00D4FEF3 /* Member.swift */; };
		8CF655CB1E585A8200D4FEF3 /* Role.swift in Sources */ = {isa = PBXBuildFile; fileRef = 8CF655CA1E585A8200D4FEF3 /* Role.swift */; };
		8CF655CD1E585ACE00D4FEF3 /* AccessPrivilege.swift in Sources */ = {isa = PBXBuildFile; fileRef = 8CF655CC1E585ACE00D4FEF3 /* AccessPrivilege.swift */; };
		8CF655CF1E58693500D4FEF3 /* Organization.swift in Sources */ = {isa = PBXBuildFile; fileRef = 8CF655CE1E58693500D4FEF3 /* Organization.swift */; };
		8CF655D11E58694400D4FEF3 /* Category.swift in Sources */ = {isa = PBXBuildFile; fileRef = 8CF655D01E58694400D4FEF3 /* Category.swift */; };
		8CF655D31E58694E00D4FEF3 /* Currency.swift in Sources */ = {isa = PBXBuildFile; fileRef = 8CF655D21E58694E00D4FEF3 /* Currency.swift */; };
		8CF655D51E586CF900D4FEF3 /* OrganizationDetailsService.swift in Sources */ = {isa = PBXBuildFile; fileRef = 8CF655D41E586CF900D4FEF3 /* OrganizationDetailsService.swift */; };
		8CF655D71E5875CF00D4FEF3 /* Singleton.swift in Sources */ = {isa = PBXBuildFile; fileRef = 8CF655D61E5875CF00D4FEF3 /* Singleton.swift */; };
		8CF655D91E589EB700D4FEF3 /* ExpenseService.swift in Sources */ = {isa = PBXBuildFile; fileRef = 8CF655D81E589EB700D4FEF3 /* ExpenseService.swift */; };
		8CF655DB1E589F1B00D4FEF3 /* ReportService.swift in Sources */ = {isa = PBXBuildFile; fileRef = 8CF655DA1E589F1B00D4FEF3 /* ReportService.swift */; };
		8CF655DD1E58B06300D4FEF3 /* Expense.swift in Sources */ = {isa = PBXBuildFile; fileRef = 8CF655DC1E58B06300D4FEF3 /* Expense.swift */; };
		8CF655DF1E58B07000D4FEF3 /* Report.swift in Sources */ = {isa = PBXBuildFile; fileRef = 8CF655DE1E58B07000D4FEF3 /* Report.swift */; };
		8CF655E71E58B59B00D4FEF3 /* LaunchManager.swift in Sources */ = {isa = PBXBuildFile; fileRef = 8CF655E61E58B59B00D4FEF3 /* LaunchManager.swift */; };
		8CF655EC1E58BE2E00D4FEF3 /* LoginServiceTests.swift in Sources */ = {isa = PBXBuildFile; fileRef = 8CF655EB1E58BE2E00D4FEF3 /* LoginServiceTests.swift */; };
		8CFD02071E73A83C00526962 /* Currency.storyboard in Resources */ = {isa = PBXBuildFile; fileRef = 8CFD02061E73A83C00526962 /* Currency.storyboard */; };
		8CFD020A1E73A8B200526962 /* ReviewSelectCurrencyViewController.swift in Sources */ = {isa = PBXBuildFile; fileRef = 8CFD02091E73A8B200526962 /* ReviewSelectCurrencyViewController.swift */; };
		8CFD020D1E73A93C00526962 /* ReviewSelectCurrencyManager.swift in Sources */ = {isa = PBXBuildFile; fileRef = 8CFD020C1E73A93C00526962 /* ReviewSelectCurrencyManager.swift */; };
		8CFD020F1E73AAE800526962 /* CurrencyService.swift in Sources */ = {isa = PBXBuildFile; fileRef = 8CFD020E1E73AAE800526962 /* CurrencyService.swift */; };
		8CFD02111E73D2FA00526962 /* ReviewSelectReportTableViewCell.swift in Sources */ = {isa = PBXBuildFile; fileRef = 8CFD02101E73D2FA00526962 /* ReviewSelectReportTableViewCell.swift */; };
		8CFD02131E73D35D00526962 /* ReviewSelectReportViewController.swift in Sources */ = {isa = PBXBuildFile; fileRef = 8CFD02121E73D35D00526962 /* ReviewSelectReportViewController.swift */; };
		8CFD02151E73D39800526962 /* ReviewSelectReportManager.swift in Sources */ = {isa = PBXBuildFile; fileRef = 8CFD02141E73D39800526962 /* ReviewSelectReportManager.swift */; };
		8CFD02191E753DD800526962 /* ExpenseDetailsHeaderView.xib in Resources */ = {isa = PBXBuildFile; fileRef = 8CFD02181E753DD800526962 /* ExpenseDetailsHeaderView.xib */; };
		8CFD021B1E762EEC00526962 /* HomeScreenManager.swift in Sources */ = {isa = PBXBuildFile; fileRef = 8CFD021A1E762EEC00526962 /* HomeScreenManager.swift */; };
		8CFD02211E7650EF00526962 /* ReportDetailsHeaderView.swift in Sources */ = {isa = PBXBuildFile; fileRef = 8CFD02201E7650EF00526962 /* ReportDetailsHeaderView.swift */; };
/* End PBXBuildFile section */

/* Begin PBXContainerItemProxy section */
		8C00F6351E1E633B0007F29C /* PBXContainerItemProxy */ = {
			isa = PBXContainerItemProxy;
			containerPortal = 8C00F6181E1E633B0007F29C /* Project object */;
			proxyType = 1;
			remoteGlobalIDString = 8C00F61F1E1E633B0007F29C;
			remoteInfo = JustLogin_MECS;
		};
		8C00F6401E1E633B0007F29C /* PBXContainerItemProxy */ = {
			isa = PBXContainerItemProxy;
			containerPortal = 8C00F6181E1E633B0007F29C /* Project object */;
			proxyType = 1;
			remoteGlobalIDString = 8C00F61F1E1E633B0007F29C;
			remoteInfo = JustLogin_MECS;
		};
/* End PBXContainerItemProxy section */

/* Begin PBXFileReference section */
		103CBA0393E63585FE04544A /* Pods-JustLogin_MECSUITests.release.xcconfig */ = {isa = PBXFileReference; includeInIndex = 1; lastKnownFileType = text.xcconfig; name = "Pods-JustLogin_MECSUITests.release.xcconfig"; path = "Pods/Target Support Files/Pods-JustLogin_MECSUITests/Pods-JustLogin_MECSUITests.release.xcconfig"; sourceTree = "<group>"; };
		15D37D7EE66395E5AB8DC348 /* Pods_JustLogin_MECS.framework */ = {isa = PBXFileReference; explicitFileType = wrapper.framework; includeInIndex = 0; path = Pods_JustLogin_MECS.framework; sourceTree = BUILT_PRODUCTS_DIR; };
		19C1B91D14D85716219E9654 /* Pods-JustLogin_MECSTests.debug.xcconfig */ = {isa = PBXFileReference; includeInIndex = 1; lastKnownFileType = text.xcconfig; name = "Pods-JustLogin_MECSTests.debug.xcconfig"; path = "Pods/Target Support Files/Pods-JustLogin_MECSTests/Pods-JustLogin_MECSTests.debug.xcconfig"; sourceTree = "<group>"; };
		3671BE43F8E06AB95554995F /* Pods_JustLogin_MECSUITests.framework */ = {isa = PBXFileReference; explicitFileType = wrapper.framework; includeInIndex = 0; path = Pods_JustLogin_MECSUITests.framework; sourceTree = BUILT_PRODUCTS_DIR; };
		393DAF4CB3929DEB427088BA /* Pods-JustLogin_MECSUITests.debug.xcconfig */ = {isa = PBXFileReference; includeInIndex = 1; lastKnownFileType = text.xcconfig; name = "Pods-JustLogin_MECSUITests.debug.xcconfig"; path = "Pods/Target Support Files/Pods-JustLogin_MECSUITests/Pods-JustLogin_MECSUITests.debug.xcconfig"; sourceTree = "<group>"; };
		41F056EBCE94E2A428FC86DB /* Pods-JustLogin_MECS.release.xcconfig */ = {isa = PBXFileReference; includeInIndex = 1; lastKnownFileType = text.xcconfig; name = "Pods-JustLogin_MECS.release.xcconfig"; path = "Pods/Target Support Files/Pods-JustLogin_MECS/Pods-JustLogin_MECS.release.xcconfig"; sourceTree = "<group>"; };
		58A0856FCDD166070D12893C /* Pods_JustLogin_MECSTests.framework */ = {isa = PBXFileReference; explicitFileType = wrapper.framework; includeInIndex = 0; path = Pods_JustLogin_MECSTests.framework; sourceTree = BUILT_PRODUCTS_DIR; };
		8C00F6201E1E633B0007F29C /* JustLogin_MECS.app */ = {isa = PBXFileReference; explicitFileType = wrapper.application; includeInIndex = 0; path = JustLogin_MECS.app; sourceTree = BUILT_PRODUCTS_DIR; };
		8C00F62A1E1E633B0007F29C /* Assets.xcassets */ = {isa = PBXFileReference; lastKnownFileType = folder.assetcatalog; path = Assets.xcassets; sourceTree = "<group>"; };
		8C00F62D1E1E633B0007F29C /* Base */ = {isa = PBXFileReference; lastKnownFileType = file.storyboard; name = Base; path = Base.lproj/LaunchScreen.storyboard; sourceTree = "<group>"; };
		8C00F62F1E1E633B0007F29C /* Info.plist */ = {isa = PBXFileReference; lastKnownFileType = text.plist.xml; path = Info.plist; sourceTree = "<group>"; };
		8C00F6341E1E633B0007F29C /* JustLogin_MECSTests.xctest */ = {isa = PBXFileReference; explicitFileType = wrapper.cfbundle; includeInIndex = 0; path = JustLogin_MECSTests.xctest; sourceTree = BUILT_PRODUCTS_DIR; };
		8C00F6381E1E633B0007F29C /* JustLogin_MECSTests.swift */ = {isa = PBXFileReference; lastKnownFileType = sourcecode.swift; path = JustLogin_MECSTests.swift; sourceTree = "<group>"; };
		8C00F63A1E1E633B0007F29C /* Info.plist */ = {isa = PBXFileReference; lastKnownFileType = text.plist.xml; path = Info.plist; sourceTree = "<group>"; };
		8C00F63F1E1E633B0007F29C /* JustLogin_MECSUITests.xctest */ = {isa = PBXFileReference; explicitFileType = wrapper.cfbundle; includeInIndex = 0; path = JustLogin_MECSUITests.xctest; sourceTree = BUILT_PRODUCTS_DIR; };
		8C00F6431E1E633B0007F29C /* JustLogin_MECSUITests.swift */ = {isa = PBXFileReference; lastKnownFileType = sourcecode.swift; path = JustLogin_MECSUITests.swift; sourceTree = "<group>"; };
		8C00F6451E1E633B0007F29C /* Info.plist */ = {isa = PBXFileReference; lastKnownFileType = text.plist.xml; path = Info.plist; sourceTree = "<group>"; };
		8C00F6531E1E651A0007F29C /* AppDelegate.swift */ = {isa = PBXFileReference; fileEncoding = 4; lastKnownFileType = sourcecode.swift; path = AppDelegate.swift; sourceTree = "<group>"; };
		8C00F65B1E1E651A0007F29C /* Main.storyboard */ = {isa = PBXFileReference; fileEncoding = 4; lastKnownFileType = file.storyboard; path = Main.storyboard; sourceTree = "<group>"; };
		8C00F6641E1E870B0007F29C /* LaunchCollectionViewCell.swift */ = {isa = PBXFileReference; fileEncoding = 4; lastKnownFileType = sourcecode.swift; path = LaunchCollectionViewCell.swift; sourceTree = "<group>"; };
		8C07A5621E6E87390015D419 /* AddExpenseTableViewCellCategory.swift */ = {isa = PBXFileReference; fileEncoding = 4; lastKnownFileType = sourcecode.swift; path = AddExpenseTableViewCellCategory.swift; sourceTree = "<group>"; };
		8C07A5641E6E87570015D419 /* AddExpenseTableViewCellDate.swift */ = {isa = PBXFileReference; fileEncoding = 4; lastKnownFileType = sourcecode.swift; path = AddExpenseTableViewCellDate.swift; sourceTree = "<group>"; };
		8C07A5661E6E87840015D419 /* AddExpenseTableViewCellCurrencyAndAmount.swift */ = {isa = PBXFileReference; fileEncoding = 4; lastKnownFileType = sourcecode.swift; path = AddExpenseTableViewCellCurrencyAndAmount.swift; sourceTree = "<group>"; };
		8C07A5681E6E88DE0015D419 /* AddExpenseTableViewCellWithTextField.swift */ = {isa = PBXFileReference; fileEncoding = 4; lastKnownFileType = sourcecode.swift; path = AddExpenseTableViewCellWithTextField.swift; sourceTree = "<group>"; };
		8C07A56A1E6E88F00015D419 /* AddExpenseTableViewCellWithMultipleSelection.swift */ = {isa = PBXFileReference; fileEncoding = 4; lastKnownFileType = sourcecode.swift; path = AddExpenseTableViewCellWithMultipleSelection.swift; sourceTree = "<group>"; };
		8C07A56C1E6E89EE0015D419 /* AddExpenseTableViewCellWithImageSelection.swift */ = {isa = PBXFileReference; fileEncoding = 4; lastKnownFileType = sourcecode.swift; path = AddExpenseTableViewCellWithImageSelection.swift; sourceTree = "<group>"; };
		8C07A56E1E6E8BB30015D419 /* AddExpenseTableViewCellWithTextView.swift */ = {isa = PBXFileReference; fileEncoding = 4; lastKnownFileType = sourcecode.swift; path = AddExpenseTableViewCellWithTextView.swift; sourceTree = "<group>"; };
		8C07A5701E6E8BDF0015D419 /* AddExpenseBaseTableViewCell.swift */ = {isa = PBXFileReference; fileEncoding = 4; lastKnownFileType = sourcecode.swift; path = AddExpenseBaseTableViewCell.swift; sourceTree = "<group>"; };
		8C0A01C91E77B29600A96867 /* ReportDetailsFooterView.xib */ = {isa = PBXFileReference; fileEncoding = 4; lastKnownFileType = file.xib; path = ReportDetailsFooterView.xib; sourceTree = "<group>"; };
		8C0A01CB1E77BBD300A96867 /* ReportDetailsTableViewCell.swift */ = {isa = PBXFileReference; fileEncoding = 4; lastKnownFileType = sourcecode.swift; path = ReportDetailsTableViewCell.swift; sourceTree = "<group>"; };
		8C0A01CE1E77C38100A96867 /* Dictionary.swift */ = {isa = PBXFileReference; fileEncoding = 4; lastKnownFileType = sourcecode.swift; path = Dictionary.swift; sourceTree = "<group>"; };
		8C0A01CF1E77C38100A96867 /* Double.swift */ = {isa = PBXFileReference; fileEncoding = 4; lastKnownFileType = sourcecode.swift; path = Double.swift; sourceTree = "<group>"; };
		8C0A01DB1E78CA0E00A96867 /* ApprovalService.swift */ = {isa = PBXFileReference; fileEncoding = 4; lastKnownFileType = sourcecode.swift; path = ApprovalService.swift; sourceTree = "<group>"; };
		8C0A01DD1E78E15100A96867 /* ApproversListViewController.swift */ = {isa = PBXFileReference; fileEncoding = 4; lastKnownFileType = sourcecode.swift; path = ApproversListViewController.swift; sourceTree = "<group>"; };
		8C0A01DF1E78E19400A96867 /* ApproversListManager.swift */ = {isa = PBXFileReference; fileEncoding = 4; lastKnownFileType = sourcecode.swift; path = ApproversListManager.swift; sourceTree = "<group>"; };
		8C0A01E11E78E4E700A96867 /* ApproversListTableViewCell.swift */ = {isa = PBXFileReference; fileEncoding = 4; lastKnownFileType = sourcecode.swift; path = ApproversListTableViewCell.swift; sourceTree = "<group>"; };
		8C0A01E31E78EAB600A96867 /* MemberService.swift */ = {isa = PBXFileReference; fileEncoding = 4; lastKnownFileType = sourcecode.swift; path = MemberService.swift; sourceTree = "<group>"; };
		8C17664F1E7A65D500D1CDE0 /* ApprovalListManager.swift */ = {isa = PBXFileReference; fileEncoding = 4; lastKnownFileType = sourcecode.swift; name = ApprovalListManager.swift; path = JustLogin_MECS/Service/ApprovalListManager.swift; sourceTree = SOURCE_ROOT; };
		8C1766511E7A7B3A00D1CDE0 /* UIColor.swift */ = {isa = PBXFileReference; fileEncoding = 4; lastKnownFileType = sourcecode.swift; path = UIColor.swift; sourceTree = "<group>"; };
		8C1766541E7A851200D1CDE0 /* Styles.swift */ = {isa = PBXFileReference; fileEncoding = 4; lastKnownFileType = sourcecode.swift; path = Styles.swift; sourceTree = "<group>"; };
		8C26DDB81E779DE400FC0E13 /* ReportDetailsFooterView.swift */ = {isa = PBXFileReference; fileEncoding = 4; lastKnownFileType = sourcecode.swift; path = ReportDetailsFooterView.swift; sourceTree = "<group>"; };
		8C299FF21E681EDA0077A730 /* ExpenseDetailsHeaderView.swift */ = {isa = PBXFileReference; fileEncoding = 4; lastKnownFileType = sourcecode.swift; path = ExpenseDetailsHeaderView.swift; sourceTree = "<group>"; };
		8C37681A1E7F887200E82044 /* ReportDetailsAuditHistoryStrategy.swift */ = {isa = PBXFileReference; fileEncoding = 4; lastKnownFileType = sourcecode.swift; path = ReportDetailsAuditHistoryStrategy.swift; sourceTree = "<group>"; };
		8C37681B1E7F887200E82044 /* ReportDetailsBaseStrategy.swift */ = {isa = PBXFileReference; fileEncoding = 4; lastKnownFileType = sourcecode.swift; path = ReportDetailsBaseStrategy.swift; sourceTree = "<group>"; };
		8C37681C1E7F887200E82044 /* ReportDetailsExpenseStrategy.swift */ = {isa = PBXFileReference; fileEncoding = 4; lastKnownFileType = sourcecode.swift; path = ReportDetailsExpenseStrategy.swift; sourceTree = "<group>"; };
		8C37681D1E7F887200E82044 /* ReportDetailsMoreDetailStrategy.swift */ = {isa = PBXFileReference; fileEncoding = 4; lastKnownFileType = sourcecode.swift; path = ReportDetailsMoreDetailStrategy.swift; sourceTree = "<group>"; };
		8C3768231E7F888C00E82044 /* ReportDetailsToolBarBaseStrategy.swift */ = {isa = PBXFileReference; fileEncoding = 4; lastKnownFileType = sourcecode.swift; path = ReportDetailsToolBarBaseStrategy.swift; sourceTree = "<group>"; };
		8C3768291E7FB51E00E82044 /* ReportDetailsToolBarUnsubmittedStrategy.swift */ = {isa = PBXFileReference; fileEncoding = 4; lastKnownFileType = sourcecode.swift; path = ReportDetailsToolBarUnsubmittedStrategy.swift; sourceTree = "<group>"; };
		8C37682B1E7FE9F000E82044 /* ReportDetailsToolBarSubmittedStrategy.swift */ = {isa = PBXFileReference; fileEncoding = 4; lastKnownFileType = sourcecode.swift; path = ReportDetailsToolBarSubmittedStrategy.swift; sourceTree = "<group>"; };
		8C37682D1E7FF9FB00E82044 /* ReportDetailsToolBarApprovalListSubmittedStrategy.swift */ = {isa = PBXFileReference; fileEncoding = 4; lastKnownFileType = sourcecode.swift; path = ReportDetailsToolBarApprovalListSubmittedStrategy.swift; sourceTree = "<group>"; };
		8C37682F1E7FFC0E00E82044 /* ReportDetailsToolBarApprovalListApprovedStrategy.swift */ = {isa = PBXFileReference; fileEncoding = 4; lastKnownFileType = sourcecode.swift; path = ReportDetailsToolBarApprovalListApprovedStrategy.swift; sourceTree = "<group>"; };
		8C3768311E7FFE8D00E82044 /* ReportDetailsToolBarApprovalListReimbursedStrategy.swift */ = {isa = PBXFileReference; fileEncoding = 4; lastKnownFileType = sourcecode.swift; path = ReportDetailsToolBarApprovalListReimbursedStrategy.swift; sourceTree = "<group>"; };
		8C3768331E80053900E82044 /* ReportDetailsToolBarApprovedAndReimbursedStrategy.swift */ = {isa = PBXFileReference; fileEncoding = 4; lastKnownFileType = sourcecode.swift; path = ReportDetailsToolBarApprovedAndReimbursedStrategy.swift; sourceTree = "<group>"; };
		8C42DFD21E63DE7D00A3B69A /* AddReportViewController.swift */ = {isa = PBXFileReference; fileEncoding = 4; lastKnownFileType = sourcecode.swift; path = AddReportViewController.swift; sourceTree = "<group>"; };
		8C42DFD41E63DEA300A3B69A /* ReportDetailsViewController.swift */ = {isa = PBXFileReference; fileEncoding = 4; lastKnownFileType = sourcecode.swift; path = ReportDetailsViewController.swift; sourceTree = "<group>"; };
		8C42DFD61E63E03400A3B69A /* AddReportManager.swift */ = {isa = PBXFileReference; fileEncoding = 4; lastKnownFileType = sourcecode.swift; path = AddReportManager.swift; sourceTree = "<group>"; };
		8C42DFD81E63E05100A3B69A /* ReportDetailsManager.swift */ = {isa = PBXFileReference; fileEncoding = 4; lastKnownFileType = sourcecode.swift; path = ReportDetailsManager.swift; sourceTree = "<group>"; };
		8C42DFDA1E63E1AA00A3B69A /* Report.storyboard */ = {isa = PBXFileReference; fileEncoding = 4; lastKnownFileType = file.storyboard; path = Report.storyboard; sourceTree = "<group>"; };
		8C42DFDC1E6436C900A3B69A /* ExpenseAndReportField.swift */ = {isa = PBXFileReference; fileEncoding = 4; lastKnownFileType = sourcecode.swift; path = ExpenseAndReportField.swift; sourceTree = "<group>"; };
		8C5141281E1E98EC003AD3B1 /* Constants.swift */ = {isa = PBXFileReference; fileEncoding = 4; lastKnownFileType = sourcecode.swift; path = Constants.swift; sourceTree = "<group>"; };
		8C5141361E1F5F53003AD3B1 /* BaseViewController.swift */ = {isa = PBXFileReference; fileEncoding = 4; lastKnownFileType = sourcecode.swift; path = BaseViewController.swift; sourceTree = "<group>"; };
		8C51413A1E1F5F95003AD3B1 /* BaseCustomCollectionViewCell.swift */ = {isa = PBXFileReference; fileEncoding = 4; lastKnownFileType = sourcecode.swift; path = BaseCustomCollectionViewCell.swift; sourceTree = "<group>"; };
		8C51413E1E1F5FDB003AD3B1 /* BaseCustomTableViewCell.swift */ = {isa = PBXFileReference; fileEncoding = 4; lastKnownFileType = sourcecode.swift; path = BaseCustomTableViewCell.swift; sourceTree = "<group>"; };
		8C8995D41E60821200482317 /* AddExpenseViewController.swift */ = {isa = PBXFileReference; fileEncoding = 4; lastKnownFileType = sourcecode.swift; path = AddExpenseViewController.swift; sourceTree = "<group>"; };
		8C8995D61E60822B00482317 /* ExpenseDetailsViewController.swift */ = {isa = PBXFileReference; fileEncoding = 4; lastKnownFileType = sourcecode.swift; path = ExpenseDetailsViewController.swift; sourceTree = "<group>"; };
		8C8995D81E60836C00482317 /* AddExpenseManager.swift */ = {isa = PBXFileReference; fileEncoding = 4; lastKnownFileType = sourcecode.swift; path = AddExpenseManager.swift; sourceTree = "<group>"; };
		8C8995DA1E60839400482317 /* ExpenseDetailsManager.swift */ = {isa = PBXFileReference; fileEncoding = 4; lastKnownFileType = sourcecode.swift; path = ExpenseDetailsManager.swift; sourceTree = "<group>"; };
		8C8995DC1E6085D900482317 /* Expense.storyboard */ = {isa = PBXFileReference; fileEncoding = 4; lastKnownFileType = file.storyboard; path = Expense.storyboard; sourceTree = "<group>"; };
		8C9601FE1E1FAE8C00EE66A3 /* Dashboard.storyboard */ = {isa = PBXFileReference; fileEncoding = 4; lastKnownFileType = file.storyboard; path = Dashboard.storyboard; sourceTree = "<group>"; };
		8C9602051E1FDB7F00EE66A3 /* LaunchViewController.swift */ = {isa = PBXFileReference; fileEncoding = 4; lastKnownFileType = sourcecode.swift; path = LaunchViewController.swift; sourceTree = "<group>"; };
		8C9602061E1FDB7F00EE66A3 /* SignInViewController.swift */ = {isa = PBXFileReference; fileEncoding = 4; lastKnownFileType = sourcecode.swift; path = SignInViewController.swift; sourceTree = "<group>"; };
		8C9602071E1FDB7F00EE66A3 /* SignUpViewController.swift */ = {isa = PBXFileReference; fileEncoding = 4; lastKnownFileType = sourcecode.swift; path = SignUpViewController.swift; sourceTree = "<group>"; };
		8C9602131E1FDB9900EE66A3 /* HomeViewController.swift */ = {isa = PBXFileReference; fileEncoding = 4; lastKnownFileType = sourcecode.swift; path = HomeViewController.swift; sourceTree = "<group>"; };
		8C96021C1E1FE14A00EE66A3 /* Enums.swift */ = {isa = PBXFileReference; fileEncoding = 4; lastKnownFileType = sourcecode.swift; path = Enums.swift; sourceTree = "<group>"; };
		8CA4B6E91E28A3DA007C3BE5 /* ReportListViewController.swift */ = {isa = PBXFileReference; fileEncoding = 4; lastKnownFileType = sourcecode.swift; path = ReportListViewController.swift; sourceTree = "<group>"; };
		8CA4B6EE1E28A5A8007C3BE5 /* ApprovalListViewController.swift */ = {isa = PBXFileReference; fileEncoding = 4; lastKnownFileType = sourcecode.swift; path = ApprovalListViewController.swift; sourceTree = "<group>"; };
		8CA4B6F21E28ACA6007C3BE5 /* ReportListTableViewCell.swift */ = {isa = PBXFileReference; fileEncoding = 4; lastKnownFileType = sourcecode.swift; path = ReportListTableViewCell.swift; sourceTree = "<group>"; };
		8CA4B6F61E28C3A6007C3BE5 /* ExpenseListTableViewCell.swift */ = {isa = PBXFileReference; fileEncoding = 4; lastKnownFileType = sourcecode.swift; path = ExpenseListTableViewCell.swift; sourceTree = "<group>"; };
		8CB44AD11E5AC642005CC04D /* ExpenseListManager.swift */ = {isa = PBXFileReference; fileEncoding = 4; lastKnownFileType = sourcecode.swift; path = ExpenseListManager.swift; sourceTree = "<group>"; };
		8CB44AD31E5B0380005CC04D /* ReportListManager.swift */ = {isa = PBXFileReference; fileEncoding = 4; lastKnownFileType = sourcecode.swift; path = ReportListManager.swift; sourceTree = "<group>"; };
		8CB44AD51E5B1163005CC04D /* Utilities.swift */ = {isa = PBXFileReference; fileEncoding = 4; lastKnownFileType = sourcecode.swift; path = Utilities.swift; sourceTree = "<group>"; };
		8CD333181E23BC7D00557B6F /* ExpenseListViewController.swift */ = {isa = PBXFileReference; fileEncoding = 4; lastKnownFileType = sourcecode.swift; path = ExpenseListViewController.swift; sourceTree = "<group>"; };
		8CD3331C1E23C48000557B6F /* SettingsListViewController.swift */ = {isa = PBXFileReference; fileEncoding = 4; lastKnownFileType = sourcecode.swift; path = SettingsListViewController.swift; sourceTree = "<group>"; };
		8CD333201E23C4E500557B6F /* BaseViewControllerWithTableView.swift */ = {isa = PBXFileReference; fileEncoding = 4; lastKnownFileType = sourcecode.swift; path = BaseViewControllerWithTableView.swift; sourceTree = "<group>"; };
		8CE007141E28D7C90089D159 /* ApprovalListTableViewCell.swift */ = {isa = PBXFileReference; fileEncoding = 4; lastKnownFileType = sourcecode.swift; path = ApprovalListTableViewCell.swift; sourceTree = "<group>"; };
		8CE007211E28F3280089D159 /* SettingsTableProfileSectionHeaderView.swift */ = {isa = PBXFileReference; fileEncoding = 4; lastKnownFileType = sourcecode.swift; path = SettingsTableProfileSectionHeaderView.swift; sourceTree = "<group>"; };
		8CE007261E28F3420089D159 /* SettingsTableProfileSectionHeaderView.xib */ = {isa = PBXFileReference; fileEncoding = 4; lastKnownFileType = file.xib; path = SettingsTableProfileSectionHeaderView.xib; sourceTree = "<group>"; };
		8CEAADBD1E55468100BDB5ED /* BaseService.swift */ = {isa = PBXFileReference; fileEncoding = 4; lastKnownFileType = sourcecode.swift; path = BaseService.swift; sourceTree = "<group>"; };
		8CEB70B61E6D3C3500411ECB /* Strings.swift */ = {isa = PBXFileReference; fileEncoding = 4; lastKnownFileType = sourcecode.swift; path = Strings.swift; sourceTree = "<group>"; };
		8CF2FBD21E7156A3001C008E /* SettingsListManager.swift */ = {isa = PBXFileReference; fileEncoding = 4; lastKnownFileType = sourcecode.swift; name = SettingsListManager.swift; path = JustLogin_MECS/Model/SettingsListManager.swift; sourceTree = SOURCE_ROOT; };
		8CF2FBD41E71A26D001C008E /* ExpenseAuditHistory.swift */ = {isa = PBXFileReference; fileEncoding = 4; lastKnownFileType = sourcecode.swift; path = ExpenseAuditHistory.swift; sourceTree = "<group>"; };
		8CF2FBD61E726E56001C008E /* ExpenseDetailsAuditHistoryTableViewCell.swift */ = {isa = PBXFileReference; fileEncoding = 4; lastKnownFileType = sourcecode.swift; path = ExpenseDetailsAuditHistoryTableViewCell.swift; sourceTree = "<group>"; };
		8CF2FBDB1E72C6A4001C008E /* Category.storyboard */ = {isa = PBXFileReference; fileEncoding = 4; lastKnownFileType = file.storyboard; path = Category.storyboard; sourceTree = "<group>"; };
		8CF2FBDE1E72C73C001C008E /* ReviewSelectCategoryManager.swift */ = {isa = PBXFileReference; fileEncoding = 4; lastKnownFileType = sourcecode.swift; path = ReviewSelectCategoryManager.swift; sourceTree = "<group>"; };
		8CF2FBE01E72C76E001C008E /* CategoryService.swift */ = {isa = PBXFileReference; fileEncoding = 4; lastKnownFileType = sourcecode.swift; path = CategoryService.swift; sourceTree = "<group>"; };
		8CF2FBE31E72CE00001C008E /* ReviewSelectCategoryTableViewCell.swift */ = {isa = PBXFileReference; fileEncoding = 4; lastKnownFileType = sourcecode.swift; path = ReviewSelectCategoryTableViewCell.swift; sourceTree = "<group>"; };
		8CF2FBE61E72D61B001C008E /* ReviewSelectCategoryViewController.swift */ = {isa = PBXFileReference; fileEncoding = 4; lastKnownFileType = sourcecode.swift; path = ReviewSelectCategoryViewController.swift; sourceTree = "<group>"; };
		8CF342401E5D3941008387BF /* SignInManager.swift */ = {isa = PBXFileReference; fileEncoding = 4; lastKnownFileType = sourcecode.swift; path = SignInManager.swift; sourceTree = "<group>"; };
		8CF342431E5D40E4008387BF /* BaseManager.swift */ = {isa = PBXFileReference; fileEncoding = 4; lastKnownFileType = sourcecode.swift; path = BaseManager.swift; sourceTree = "<group>"; };
		8CF3F64D1E652AA900A18D73 /* AddReportTableViewCellWithTextField.swift */ = {isa = PBXFileReference; fileEncoding = 4; lastKnownFileType = sourcecode.swift; path = AddReportTableViewCellWithTextField.swift; sourceTree = "<group>"; };
		8CF3F64F1E652B0100A18D73 /* AddReportTableViewCellWithMultipleSelection.swift */ = {isa = PBXFileReference; fileEncoding = 4; lastKnownFileType = sourcecode.swift; path = AddReportTableViewCellWithMultipleSelection.swift; sourceTree = "<group>"; };
		8CF3F6511E652B1E00A18D73 /* AddReportTableViewCellDuration.swift */ = {isa = PBXFileReference; fileEncoding = 4; lastKnownFileType = sourcecode.swift; path = AddReportTableViewCellDuration.swift; sourceTree = "<group>"; };
		8CF3F6531E652B3400A18D73 /* AddReportTableViewCellWithTextView.swift */ = {isa = PBXFileReference; fileEncoding = 4; lastKnownFileType = sourcecode.swift; path = AddReportTableViewCellWithTextView.swift; sourceTree = "<group>"; };
		8CF3F6581E6671DA00A18D73 /* AddReportBaseTableViewCell.swift */ = {isa = PBXFileReference; fileEncoding = 4; lastKnownFileType = sourcecode.swift; path = AddReportBaseTableViewCell.swift; sourceTree = "<group>"; };
		8CF655C61E58387100D4FEF3 /* LoginService.swift */ = {isa = PBXFileReference; fileEncoding = 4; lastKnownFileType = sourcecode.swift; path = LoginService.swift; sourceTree = "<group>"; };
		8CF655C81E58455A00D4FEF3 /* Member.swift */ = {isa = PBXFileReference; fileEncoding = 4; lastKnownFileType = sourcecode.swift; path = Member.swift; sourceTree = "<group>"; };
		8CF655CA1E585A8200D4FEF3 /* Role.swift */ = {isa = PBXFileReference; fileEncoding = 4; lastKnownFileType = sourcecode.swift; path = Role.swift; sourceTree = "<group>"; };
		8CF655CC1E585ACE00D4FEF3 /* AccessPrivilege.swift */ = {isa = PBXFileReference; fileEncoding = 4; lastKnownFileType = sourcecode.swift; path = AccessPrivilege.swift; sourceTree = "<group>"; };
		8CF655CE1E58693500D4FEF3 /* Organization.swift */ = {isa = PBXFileReference; fileEncoding = 4; lastKnownFileType = sourcecode.swift; path = Organization.swift; sourceTree = "<group>"; };
		8CF655D01E58694400D4FEF3 /* Category.swift */ = {isa = PBXFileReference; fileEncoding = 4; lastKnownFileType = sourcecode.swift; path = Category.swift; sourceTree = "<group>"; };
		8CF655D21E58694E00D4FEF3 /* Currency.swift */ = {isa = PBXFileReference; fileEncoding = 4; lastKnownFileType = sourcecode.swift; path = Currency.swift; sourceTree = "<group>"; };
		8CF655D41E586CF900D4FEF3 /* OrganizationDetailsService.swift */ = {isa = PBXFileReference; fileEncoding = 4; lastKnownFileType = sourcecode.swift; path = OrganizationDetailsService.swift; sourceTree = "<group>"; };
		8CF655D61E5875CF00D4FEF3 /* Singleton.swift */ = {isa = PBXFileReference; fileEncoding = 4; lastKnownFileType = sourcecode.swift; path = Singleton.swift; sourceTree = "<group>"; };
		8CF655D81E589EB700D4FEF3 /* ExpenseService.swift */ = {isa = PBXFileReference; fileEncoding = 4; lastKnownFileType = sourcecode.swift; path = ExpenseService.swift; sourceTree = "<group>"; };
		8CF655DA1E589F1B00D4FEF3 /* ReportService.swift */ = {isa = PBXFileReference; fileEncoding = 4; lastKnownFileType = sourcecode.swift; path = ReportService.swift; sourceTree = "<group>"; };
		8CF655DC1E58B06300D4FEF3 /* Expense.swift */ = {isa = PBXFileReference; fileEncoding = 4; lastKnownFileType = sourcecode.swift; path = Expense.swift; sourceTree = "<group>"; };
		8CF655DE1E58B07000D4FEF3 /* Report.swift */ = {isa = PBXFileReference; fileEncoding = 4; lastKnownFileType = sourcecode.swift; path = Report.swift; sourceTree = "<group>"; };
		8CF655E61E58B59B00D4FEF3 /* LaunchManager.swift */ = {isa = PBXFileReference; fileEncoding = 4; lastKnownFileType = sourcecode.swift; path = LaunchManager.swift; sourceTree = "<group>"; };
		8CF655EB1E58BE2E00D4FEF3 /* LoginServiceTests.swift */ = {isa = PBXFileReference; fileEncoding = 4; lastKnownFileType = sourcecode.swift; path = LoginServiceTests.swift; sourceTree = "<group>"; };
		8CFD02061E73A83C00526962 /* Currency.storyboard */ = {isa = PBXFileReference; fileEncoding = 4; lastKnownFileType = file.storyboard; path = Currency.storyboard; sourceTree = "<group>"; };
		8CFD02091E73A8B200526962 /* ReviewSelectCurrencyViewController.swift */ = {isa = PBXFileReference; fileEncoding = 4; lastKnownFileType = sourcecode.swift; path = ReviewSelectCurrencyViewController.swift; sourceTree = "<group>"; };
		8CFD020C1E73A93C00526962 /* ReviewSelectCurrencyManager.swift */ = {isa = PBXFileReference; fileEncoding = 4; lastKnownFileType = sourcecode.swift; path = ReviewSelectCurrencyManager.swift; sourceTree = "<group>"; };
		8CFD020E1E73AAE800526962 /* CurrencyService.swift */ = {isa = PBXFileReference; fileEncoding = 4; lastKnownFileType = sourcecode.swift; path = CurrencyService.swift; sourceTree = "<group>"; };
		8CFD02101E73D2FA00526962 /* ReviewSelectReportTableViewCell.swift */ = {isa = PBXFileReference; fileEncoding = 4; lastKnownFileType = sourcecode.swift; path = ReviewSelectReportTableViewCell.swift; sourceTree = "<group>"; };
		8CFD02121E73D35D00526962 /* ReviewSelectReportViewController.swift */ = {isa = PBXFileReference; fileEncoding = 4; lastKnownFileType = sourcecode.swift; path = ReviewSelectReportViewController.swift; sourceTree = "<group>"; };
		8CFD02141E73D39800526962 /* ReviewSelectReportManager.swift */ = {isa = PBXFileReference; fileEncoding = 4; lastKnownFileType = sourcecode.swift; path = ReviewSelectReportManager.swift; sourceTree = "<group>"; };
		8CFD02181E753DD800526962 /* ExpenseDetailsHeaderView.xib */ = {isa = PBXFileReference; fileEncoding = 4; lastKnownFileType = file.xib; path = ExpenseDetailsHeaderView.xib; sourceTree = "<group>"; };
		8CFD021A1E762EEC00526962 /* HomeScreenManager.swift */ = {isa = PBXFileReference; fileEncoding = 4; lastKnownFileType = sourcecode.swift; name = HomeScreenManager.swift; path = "JustLogin_MECS/Views/Custom Views/Xib/HomeScreenManager.swift"; sourceTree = SOURCE_ROOT; };
		8CFD02201E7650EF00526962 /* ReportDetailsHeaderView.swift */ = {isa = PBXFileReference; fileEncoding = 4; lastKnownFileType = sourcecode.swift; path = ReportDetailsHeaderView.swift; sourceTree = "<group>"; };
		C1E5D39D743F2AA54C3A1C46 /* Pods-JustLogin_MECS.debug.xcconfig */ = {isa = PBXFileReference; includeInIndex = 1; lastKnownFileType = text.xcconfig; name = "Pods-JustLogin_MECS.debug.xcconfig"; path = "Pods/Target Support Files/Pods-JustLogin_MECS/Pods-JustLogin_MECS.debug.xcconfig"; sourceTree = "<group>"; };
		CF3885E556538396244297B4 /* Pods-JustLogin_MECSTests.release.xcconfig */ = {isa = PBXFileReference; includeInIndex = 1; lastKnownFileType = text.xcconfig; name = "Pods-JustLogin_MECSTests.release.xcconfig"; path = "Pods/Target Support Files/Pods-JustLogin_MECSTests/Pods-JustLogin_MECSTests.release.xcconfig"; sourceTree = "<group>"; };
/* End PBXFileReference section */

/* Begin PBXFrameworksBuildPhase section */
		8C00F61D1E1E633B0007F29C /* Frameworks */ = {
			isa = PBXFrameworksBuildPhase;
			buildActionMask = 2147483647;
			files = (
				63D504A9DB4D5859AA42DD2D /* Pods_JustLogin_MECS.framework in Frameworks */,
			);
			runOnlyForDeploymentPostprocessing = 0;
		};
		8C00F6311E1E633B0007F29C /* Frameworks */ = {
			isa = PBXFrameworksBuildPhase;
			buildActionMask = 2147483647;
			files = (
				8B05F0FBD4572578B936E0DC /* Pods_JustLogin_MECSTests.framework in Frameworks */,
			);
			runOnlyForDeploymentPostprocessing = 0;
		};
		8C00F63C1E1E633B0007F29C /* Frameworks */ = {
			isa = PBXFrameworksBuildPhase;
			buildActionMask = 2147483647;
			files = (
				839D44459D2522C8846C08E2 /* Pods_JustLogin_MECSUITests.framework in Frameworks */,
			);
			runOnlyForDeploymentPostprocessing = 0;
		};
/* End PBXFrameworksBuildPhase section */

/* Begin PBXGroup section */
		3757AE3A25033B85C87897BC /* Frameworks */ = {
			isa = PBXGroup;
			children = (
				15D37D7EE66395E5AB8DC348 /* Pods_JustLogin_MECS.framework */,
				58A0856FCDD166070D12893C /* Pods_JustLogin_MECSTests.framework */,
				3671BE43F8E06AB95554995F /* Pods_JustLogin_MECSUITests.framework */,
			);
			name = Frameworks;
			sourceTree = "<group>";
		};
		8C00F6171E1E633B0007F29C = {
			isa = PBXGroup;
			children = (
				8C00F6221E1E633B0007F29C /* JustLogin_MECS */,
				8C00F6371E1E633B0007F29C /* JustLogin_MECSTests */,
				8C00F6421E1E633B0007F29C /* JustLogin_MECSUITests */,
				8C00F6211E1E633B0007F29C /* Products */,
				C5CD3670715C6E149859CB9E /* Pods */,
				3757AE3A25033B85C87897BC /* Frameworks */,
			);
			sourceTree = "<group>";
		};
		8C00F6211E1E633B0007F29C /* Products */ = {
			isa = PBXGroup;
			children = (
				8C00F6201E1E633B0007F29C /* JustLogin_MECS.app */,
				8C00F6341E1E633B0007F29C /* JustLogin_MECSTests.xctest */,
				8C00F63F1E1E633B0007F29C /* JustLogin_MECSUITests.xctest */,
			);
			name = Products;
			sourceTree = "<group>";
		};
		8C00F6221E1E633B0007F29C /* JustLogin_MECS */ = {
			isa = PBXGroup;
			children = (
				8CEAADB71E55408400BDB5ED /* Analytics */,
				8C00F6521E1E651A0007F29C /* App Delegate */,
				8C00F6541E1E651A0007F29C /* Constants */,
				8C96021B1E1FE13100EE66A3 /* Enums */,
				8C0A01CD1E77C38100A96867 /* Extensions */,
				8CF3F6551E654B6F00A18D73 /* Helpers */,
				8CEAADB81E55409400BDB5ED /* Manager */,
				8C00F6571E1E651A0007F29C /* Model */,
				8CEAADB91E5540A500BDB5ED /* Service */,
				8CEAADBA1E5540B500BDB5ED /* Singleton */,
				8C00F65A1E1E651A0007F29C /* Storyboard */,
				8C1766531E7A850900D1CDE0 /* Styles */,
				8CEAADBB1E5540CA00BDB5ED /* Utilities */,
				8C00F65D1E1E651A0007F29C /* ViewControllers */,
				8C00F65F1E1E651A0007F29C /* Views */,
				8C00F62A1E1E633B0007F29C /* Assets.xcassets */,
				8C00F62C1E1E633B0007F29C /* LaunchScreen.storyboard */,
				8C00F62F1E1E633B0007F29C /* Info.plist */,
			);
			path = JustLogin_MECS;
			sourceTree = "<group>";
		};
		8C00F6371E1E633B0007F29C /* JustLogin_MECSTests */ = {
			isa = PBXGroup;
			children = (
				8CF655E81E58BD7B00D4FEF3 /* Manager */,
				8CF655E91E58BD7B00D4FEF3 /* Service */,
				8CF655EA1E58BD7B00D4FEF3 /* ViewController */,
				8C00F6381E1E633B0007F29C /* JustLogin_MECSTests.swift */,
				8C00F63A1E1E633B0007F29C /* Info.plist */,
			);
			path = JustLogin_MECSTests;
			sourceTree = "<group>";
		};
		8C00F6421E1E633B0007F29C /* JustLogin_MECSUITests */ = {
			isa = PBXGroup;
			children = (
				8C00F6431E1E633B0007F29C /* JustLogin_MECSUITests.swift */,
				8C00F6451E1E633B0007F29C /* Info.plist */,
			);
			path = JustLogin_MECSUITests;
			sourceTree = "<group>";
		};
		8C00F6521E1E651A0007F29C /* App Delegate */ = {
			isa = PBXGroup;
			children = (
				8C00F6531E1E651A0007F29C /* AppDelegate.swift */,
			);
			path = "App Delegate";
			sourceTree = "<group>";
		};
		8C00F6541E1E651A0007F29C /* Constants */ = {
			isa = PBXGroup;
			children = (
				8C5141281E1E98EC003AD3B1 /* Constants.swift */,
				8CEB70B61E6D3C3500411ECB /* Strings.swift */,
			);
			path = Constants;
			sourceTree = "<group>";
		};
		8C00F6571E1E651A0007F29C /* Model */ = {
			isa = PBXGroup;
			children = (
				8CF655C81E58455A00D4FEF3 /* Member.swift */,
				8CF655CA1E585A8200D4FEF3 /* Role.swift */,
				8CF655CC1E585ACE00D4FEF3 /* AccessPrivilege.swift */,
				8CF655CE1E58693500D4FEF3 /* Organization.swift */,
				8CF655D01E58694400D4FEF3 /* Category.swift */,
				8CF655D21E58694E00D4FEF3 /* Currency.swift */,
				8CF655DC1E58B06300D4FEF3 /* Expense.swift */,
				8CF655DE1E58B07000D4FEF3 /* Report.swift */,
				8C42DFDC1E6436C900A3B69A /* ExpenseAndReportField.swift */,
				8CF2FBD41E71A26D001C008E /* ExpenseAuditHistory.swift */,
			);
			path = Model;
			sourceTree = "<group>";
		};
		8C00F65A1E1E651A0007F29C /* Storyboard */ = {
			isa = PBXGroup;
			children = (
				8C00F65B1E1E651A0007F29C /* Main.storyboard */,
				8C9601FE1E1FAE8C00EE66A3 /* Dashboard.storyboard */,
				8C8995DC1E6085D900482317 /* Expense.storyboard */,
				8C42DFDA1E63E1AA00A3B69A /* Report.storyboard */,
				8CF2FBDB1E72C6A4001C008E /* Category.storyboard */,
				8CFD02061E73A83C00526962 /* Currency.storyboard */,
			);
			path = Storyboard;
			sourceTree = "<group>";
		};
		8C00F65D1E1E651A0007F29C /* ViewControllers */ = {
			isa = PBXGroup;
			children = (
				8CA4B6ED1E28A58D007C3BE5 /* Approval */,
				8C5141351E1F5F3D003AD3B1 /* Base */,
				8CF2FBE51E72D61B001C008E /* Category */,
				8CFD02081E73A89400526962 /* Currency */,
				8C9602021E1FDB7F00EE66A3 /* Dashboard */,
				8C9602041E1FDB7F00EE66A3 /* Login */,
				8CD333151E23BC4D00557B6F /* Expense */,
				8CD333161E23BC4D00557B6F /* Report */,
				8CD333171E23BC4D00557B6F /* Settings */,
			);
			path = ViewControllers;
			sourceTree = "<group>";
		};
		8C00F65F1E1E651A0007F29C /* Views */ = {
			isa = PBXGroup;
			children = (
				8CE0071B1E28F1C90089D159 /* Custom Views */,
				8C00F6631E1E86DD0007F29C /* Custom Cells */,
			);
			path = Views;
			sourceTree = "<group>";
		};
		8C00F6631E1E86DD0007F29C /* Custom Cells */ = {
			isa = PBXGroup;
			children = (
				8C07A5611E6E825E0015D419 /* Add Expense */,
				8CF3F64C1E652A9D00A18D73 /* Add Report */,
				8C5141341E1F5F2F003AD3B1 /* Base */,
				8CF2FBE21E72CDEA001C008E /* Category */,
				8C00F6641E1E870B0007F29C /* LaunchCollectionViewCell.swift */,
				8CA4B6F21E28ACA6007C3BE5 /* ReportListTableViewCell.swift */,
				8CA4B6F61E28C3A6007C3BE5 /* ExpenseListTableViewCell.swift */,
				8CE007141E28D7C90089D159 /* ApprovalListTableViewCell.swift */,
				8CF2FBD61E726E56001C008E /* ExpenseDetailsAuditHistoryTableViewCell.swift */,
				8CFD02101E73D2FA00526962 /* ReviewSelectReportTableViewCell.swift */,
				8C0A01CB1E77BBD300A96867 /* ReportDetailsTableViewCell.swift */,
				8C0A01E11E78E4E700A96867 /* ApproversListTableViewCell.swift */,
			);
			path = "Custom Cells";
			sourceTree = "<group>";
		};
		8C07A5611E6E825E0015D419 /* Add Expense */ = {
			isa = PBXGroup;
			children = (
				8C07A5621E6E87390015D419 /* AddExpenseTableViewCellCategory.swift */,
				8C07A5641E6E87570015D419 /* AddExpenseTableViewCellDate.swift */,
				8C07A5661E6E87840015D419 /* AddExpenseTableViewCellCurrencyAndAmount.swift */,
				8C07A5681E6E88DE0015D419 /* AddExpenseTableViewCellWithTextField.swift */,
				8C07A56A1E6E88F00015D419 /* AddExpenseTableViewCellWithMultipleSelection.swift */,
				8C07A56C1E6E89EE0015D419 /* AddExpenseTableViewCellWithImageSelection.swift */,
				8C07A56E1E6E8BB30015D419 /* AddExpenseTableViewCellWithTextView.swift */,
				8C07A5701E6E8BDF0015D419 /* AddExpenseBaseTableViewCell.swift */,
			);
			path = "Add Expense";
			sourceTree = "<group>";
		};
		8C0A01CD1E77C38100A96867 /* Extensions */ = {
			isa = PBXGroup;
			children = (
				8C0A01CE1E77C38100A96867 /* Dictionary.swift */,
				8C0A01CF1E77C38100A96867 /* Double.swift */,
				8C1766511E7A7B3A00D1CDE0 /* UIColor.swift */,
			);
			path = Extensions;
			sourceTree = "<group>";
		};
		8C1766531E7A850900D1CDE0 /* Styles */ = {
			isa = PBXGroup;
			children = (
				8C1766541E7A851200D1CDE0 /* Styles.swift */,
			);
			path = Styles;
			sourceTree = "<group>";
		};
		8C3768191E7F887200E82044 /* ReportDetailsStrategy */ = {
			isa = PBXGroup;
			children = (
				8C37681A1E7F887200E82044 /* ReportDetailsAuditHistoryStrategy.swift */,
				8C37681B1E7F887200E82044 /* ReportDetailsBaseStrategy.swift */,
				8C37681C1E7F887200E82044 /* ReportDetailsExpenseStrategy.swift */,
				8C37681D1E7F887200E82044 /* ReportDetailsMoreDetailStrategy.swift */,
			);
			path = ReportDetailsStrategy;
			sourceTree = "<group>";
		};
		8C3768221E7F888C00E82044 /* ReportDetailsToolBarStrategy */ = {
			isa = PBXGroup;
			children = (
				8C3768231E7F888C00E82044 /* ReportDetailsToolBarBaseStrategy.swift */,
				8C3768271E7FB4FE00E82044 /* ForApprovalList */,
				8C3768281E7FB4FE00E82044 /* ForReportList */,
			);
			path = ReportDetailsToolBarStrategy;
			sourceTree = "<group>";
		};
		8C3768271E7FB4FE00E82044 /* ForApprovalList */ = {
			isa = PBXGroup;
			children = (
				8C37682D1E7FF9FB00E82044 /* ReportDetailsToolBarApprovalListSubmittedStrategy.swift */,
				8C37682F1E7FFC0E00E82044 /* ReportDetailsToolBarApprovalListApprovedStrategy.swift */,
				8C3768311E7FFE8D00E82044 /* ReportDetailsToolBarApprovalListReimbursedStrategy.swift */,
			);
			path = ForApprovalList;
			sourceTree = "<group>";
		};
		8C3768281E7FB4FE00E82044 /* ForReportList */ = {
			isa = PBXGroup;
			children = (
				8C3768291E7FB51E00E82044 /* ReportDetailsToolBarUnsubmittedStrategy.swift */,
				8C37682B1E7FE9F000E82044 /* ReportDetailsToolBarSubmittedStrategy.swift */,
				8C3768331E80053900E82044 /* ReportDetailsToolBarApprovedAndReimbursedStrategy.swift */,
			);
			path = ForReportList;
			sourceTree = "<group>";
		};
		8C5141341E1F5F2F003AD3B1 /* Base */ = {
			isa = PBXGroup;
			children = (
				8C51413A1E1F5F95003AD3B1 /* BaseCustomCollectionViewCell.swift */,
				8C51413E1E1F5FDB003AD3B1 /* BaseCustomTableViewCell.swift */,
			);
			path = Base;
			sourceTree = "<group>";
		};
		8C5141351E1F5F3D003AD3B1 /* Base */ = {
			isa = PBXGroup;
			children = (
				8C5141361E1F5F53003AD3B1 /* BaseViewController.swift */,
				8CD333201E23C4E500557B6F /* BaseViewControllerWithTableView.swift */,
			);
			path = Base;
			sourceTree = "<group>";
		};
		8C9602021E1FDB7F00EE66A3 /* Dashboard */ = {
			isa = PBXGroup;
			children = (
				8C9602131E1FDB9900EE66A3 /* HomeViewController.swift */,
			);
			path = Dashboard;
			sourceTree = "<group>";
		};
		8C9602041E1FDB7F00EE66A3 /* Login */ = {
			isa = PBXGroup;
			children = (
				8C9602051E1FDB7F00EE66A3 /* LaunchViewController.swift */,
				8C9602061E1FDB7F00EE66A3 /* SignInViewController.swift */,
				8C9602071E1FDB7F00EE66A3 /* SignUpViewController.swift */,
			);
			path = Login;
			sourceTree = "<group>";
		};
		8C96021B1E1FE13100EE66A3 /* Enums */ = {
			isa = PBXGroup;
			children = (
				8C96021C1E1FE14A00EE66A3 /* Enums.swift */,
			);
			path = Enums;
			sourceTree = "<group>";
		};
		8CA4B6ED1E28A58D007C3BE5 /* Approval */ = {
			isa = PBXGroup;
			children = (
				8CA4B6EE1E28A5A8007C3BE5 /* ApprovalListViewController.swift */,
			);
			path = Approval;
			sourceTree = "<group>";
		};
		8CD333151E23BC4D00557B6F /* Expense */ = {
			isa = PBXGroup;
			children = (
				8CD333181E23BC7D00557B6F /* ExpenseListViewController.swift */,
				8C8995D41E60821200482317 /* AddExpenseViewController.swift */,
				8C8995D61E60822B00482317 /* ExpenseDetailsViewController.swift */,
			);
			path = Expense;
			sourceTree = "<group>";
		};
		8CD333161E23BC4D00557B6F /* Report */ = {
			isa = PBXGroup;
			children = (
				8CA4B6E91E28A3DA007C3BE5 /* ReportListViewController.swift */,
				8C42DFD21E63DE7D00A3B69A /* AddReportViewController.swift */,
				8C42DFD41E63DEA300A3B69A /* ReportDetailsViewController.swift */,
				8CFD02121E73D35D00526962 /* ReviewSelectReportViewController.swift */,
				8C0A01DD1E78E15100A96867 /* ApproversListViewController.swift */,
			);
			path = Report;
			sourceTree = "<group>";
		};
		8CD333171E23BC4D00557B6F /* Settings */ = {
			isa = PBXGroup;
			children = (
				8CD3331C1E23C48000557B6F /* SettingsListViewController.swift */,
			);
			path = Settings;
			sourceTree = "<group>";
		};
		8CE0071B1E28F1C90089D159 /* Custom Views */ = {
			isa = PBXGroup;
			children = (
				8CE007201E28F3280089D159 /* Classes */,
				8CE007221E28F3280089D159 /* Xib */,
			);
			path = "Custom Views";
			sourceTree = "<group>";
		};
		8CE007201E28F3280089D159 /* Classes */ = {
			isa = PBXGroup;
			children = (
				8CE007211E28F3280089D159 /* SettingsTableProfileSectionHeaderView.swift */,
				8C299FF21E681EDA0077A730 /* ExpenseDetailsHeaderView.swift */,
				8CFD02201E7650EF00526962 /* ReportDetailsHeaderView.swift */,
				8C26DDB81E779DE400FC0E13 /* ReportDetailsFooterView.swift */,
			);
			path = Classes;
			sourceTree = "<group>";
		};
		8CE007221E28F3280089D159 /* Xib */ = {
			isa = PBXGroup;
			children = (
				8CE007261E28F3420089D159 /* SettingsTableProfileSectionHeaderView.xib */,
				8CFD02181E753DD800526962 /* ExpenseDetailsHeaderView.xib */,
				8C0A01C91E77B29600A96867 /* ReportDetailsFooterView.xib */,
			);
			path = Xib;
			sourceTree = "<group>";
		};
		8CEAADB71E55408400BDB5ED /* Analytics */ = {
			isa = PBXGroup;
			children = (
			);
			path = Analytics;
			sourceTree = "<group>";
		};
		8CEAADB81E55409400BDB5ED /* Manager */ = {
			isa = PBXGroup;
			children = (
				8CF655E01E58B55600D4FEF3 /* Approval */,
				8CF2FBDD1E72C729001C008E /* Category */,
				8CFD020B1E73A92E00526962 /* Currency */,
				8CF342421E5D40D7008387BF /* Base */,
				8CF655E11E58B55600D4FEF3 /* Dashboard */,
				8CF655E21E58B55600D4FEF3 /* Expense */,
				8CF655E31E58B55600D4FEF3 /* Login */,
				8CF655E41E58B55600D4FEF3 /* Report */,
				8CF655E51E58B55600D4FEF3 /* Settings */,
			);
			path = Manager;
			sourceTree = "<group>";
		};
		8CEAADB91E5540A500BDB5ED /* Service */ = {
			isa = PBXGroup;
			children = (
				8CEAADBC1E55411000BDB5ED /* Base */,
				8CF655C61E58387100D4FEF3 /* LoginService.swift */,
				8CF655D41E586CF900D4FEF3 /* OrganizationDetailsService.swift */,
				8CF655D81E589EB700D4FEF3 /* ExpenseService.swift */,
				8CF655DA1E589F1B00D4FEF3 /* ReportService.swift */,
				8CF2FBE01E72C76E001C008E /* CategoryService.swift */,
				8CFD020E1E73AAE800526962 /* CurrencyService.swift */,
				8C0A01DB1E78CA0E00A96867 /* ApprovalService.swift */,
				8C0A01E31E78EAB600A96867 /* MemberService.swift */,
			);
			path = Service;
			sourceTree = "<group>";
		};
		8CEAADBA1E5540B500BDB5ED /* Singleton */ = {
			isa = PBXGroup;
			children = (
				8CF655D61E5875CF00D4FEF3 /* Singleton.swift */,
			);
			path = Singleton;
			sourceTree = "<group>";
		};
		8CEAADBB1E5540CA00BDB5ED /* Utilities */ = {
			isa = PBXGroup;
			children = (
				8CB44AD51E5B1163005CC04D /* Utilities.swift */,
			);
			path = Utilities;
			sourceTree = "<group>";
		};
		8CEAADBC1E55411000BDB5ED /* Base */ = {
			isa = PBXGroup;
			children = (
				8CEAADBD1E55468100BDB5ED /* BaseService.swift */,
			);
			path = Base;
			sourceTree = "<group>";
		};
		8CF2FBDD1E72C729001C008E /* Category */ = {
			isa = PBXGroup;
			children = (
				8CF2FBDE1E72C73C001C008E /* ReviewSelectCategoryManager.swift */,
			);
			path = Category;
			sourceTree = "<group>";
		};
		8CF2FBE21E72CDEA001C008E /* Category */ = {
			isa = PBXGroup;
			children = (
				8CF2FBE31E72CE00001C008E /* ReviewSelectCategoryTableViewCell.swift */,
			);
			path = Category;
			sourceTree = "<group>";
		};
		8CF2FBE51E72D61B001C008E /* Category */ = {
			isa = PBXGroup;
			children = (
				8CF2FBE61E72D61B001C008E /* ReviewSelectCategoryViewController.swift */,
			);
			path = Category;
			sourceTree = "<group>";
		};
		8CF342421E5D40D7008387BF /* Base */ = {
			isa = PBXGroup;
			children = (
				8CF342431E5D40E4008387BF /* BaseManager.swift */,
			);
			path = Base;
			sourceTree = "<group>";
		};
		8CF3F64C1E652A9D00A18D73 /* Add Report */ = {
			isa = PBXGroup;
			children = (
				8CF3F64D1E652AA900A18D73 /* AddReportTableViewCellWithTextField.swift */,
				8CF3F64F1E652B0100A18D73 /* AddReportTableViewCellWithMultipleSelection.swift */,
				8CF3F6511E652B1E00A18D73 /* AddReportTableViewCellDuration.swift */,
				8CF3F6531E652B3400A18D73 /* AddReportTableViewCellWithTextView.swift */,
				8CF3F6581E6671DA00A18D73 /* AddReportBaseTableViewCell.swift */,
			);
			path = "Add Report";
			sourceTree = "<group>";
		};
		8CF3F6551E654B6F00A18D73 /* Helpers */ = {
			isa = PBXGroup;
			children = (
			);
			path = Helpers;
			sourceTree = "<group>";
		};
		8CF655E01E58B55600D4FEF3 /* Approval */ = {
			isa = PBXGroup;
			children = (
				8C17664F1E7A65D500D1CDE0 /* ApprovalListManager.swift */,
			);
			path = Approval;
			sourceTree = "<group>";
		};
		8CF655E11E58B55600D4FEF3 /* Dashboard */ = {
			isa = PBXGroup;
			children = (
				8CFD021A1E762EEC00526962 /* HomeScreenManager.swift */,
			);
			path = Dashboard;
			sourceTree = "<group>";
		};
		8CF655E21E58B55600D4FEF3 /* Expense */ = {
			isa = PBXGroup;
			children = (
				8CB44AD11E5AC642005CC04D /* ExpenseListManager.swift */,
				8C8995D81E60836C00482317 /* AddExpenseManager.swift */,
				8C8995DA1E60839400482317 /* ExpenseDetailsManager.swift */,
			);
			path = Expense;
			sourceTree = "<group>";
		};
		8CF655E31E58B55600D4FEF3 /* Login */ = {
			isa = PBXGroup;
			children = (
				8CF655E61E58B59B00D4FEF3 /* LaunchManager.swift */,
				8CF342401E5D3941008387BF /* SignInManager.swift */,
			);
			path = Login;
			sourceTree = "<group>";
		};
		8CF655E41E58B55600D4FEF3 /* Report */ = {
			isa = PBXGroup;
			children = (
				8C3768191E7F887200E82044 /* ReportDetailsStrategy */,
				8C3768221E7F888C00E82044 /* ReportDetailsToolBarStrategy */,
				8CB44AD31E5B0380005CC04D /* ReportListManager.swift */,
				8C42DFD61E63E03400A3B69A /* AddReportManager.swift */,
				8C42DFD81E63E05100A3B69A /* ReportDetailsManager.swift */,
				8CFD02141E73D39800526962 /* ReviewSelectReportManager.swift */,
				8C0A01DF1E78E19400A96867 /* ApproversListManager.swift */,
			);
			path = Report;
			sourceTree = "<group>";
		};
		8CF655E51E58B55600D4FEF3 /* Settings */ = {
			isa = PBXGroup;
			children = (
				8CF2FBD21E7156A3001C008E /* SettingsListManager.swift */,
			);
			path = Settings;
			sourceTree = "<group>";
		};
		8CF655E81E58BD7B00D4FEF3 /* Manager */ = {
			isa = PBXGroup;
			children = (
			);
			path = Manager;
			sourceTree = "<group>";
		};
		8CF655E91E58BD7B00D4FEF3 /* Service */ = {
			isa = PBXGroup;
			children = (
				8CF655EB1E58BE2E00D4FEF3 /* LoginServiceTests.swift */,
			);
			path = Service;
			sourceTree = "<group>";
		};
		8CF655EA1E58BD7B00D4FEF3 /* ViewController */ = {
			isa = PBXGroup;
			children = (
			);
			path = ViewController;
			sourceTree = "<group>";
		};
		8CFD02081E73A89400526962 /* Currency */ = {
			isa = PBXGroup;
			children = (
				8CFD02091E73A8B200526962 /* ReviewSelectCurrencyViewController.swift */,
			);
			path = Currency;
			sourceTree = "<group>";
		};
		8CFD020B1E73A92E00526962 /* Currency */ = {
			isa = PBXGroup;
			children = (
				8CFD020C1E73A93C00526962 /* ReviewSelectCurrencyManager.swift */,
			);
			path = Currency;
			sourceTree = "<group>";
		};
		C5CD3670715C6E149859CB9E /* Pods */ = {
			isa = PBXGroup;
			children = (
				C1E5D39D743F2AA54C3A1C46 /* Pods-JustLogin_MECS.debug.xcconfig */,
				41F056EBCE94E2A428FC86DB /* Pods-JustLogin_MECS.release.xcconfig */,
				19C1B91D14D85716219E9654 /* Pods-JustLogin_MECSTests.debug.xcconfig */,
				CF3885E556538396244297B4 /* Pods-JustLogin_MECSTests.release.xcconfig */,
				393DAF4CB3929DEB427088BA /* Pods-JustLogin_MECSUITests.debug.xcconfig */,
				103CBA0393E63585FE04544A /* Pods-JustLogin_MECSUITests.release.xcconfig */,
			);
			name = Pods;
			sourceTree = "<group>";
		};
/* End PBXGroup section */

/* Begin PBXNativeTarget section */
		8C00F61F1E1E633B0007F29C /* JustLogin_MECS */ = {
			isa = PBXNativeTarget;
			buildConfigurationList = 8C00F6481E1E633B0007F29C /* Build configuration list for PBXNativeTarget "JustLogin_MECS" */;
			buildPhases = (
				601BB7D618139FC18E80AA28 /* [CP] Check Pods Manifest.lock */,
				8C00F61C1E1E633B0007F29C /* Sources */,
				8C00F61D1E1E633B0007F29C /* Frameworks */,
				8C00F61E1E1E633B0007F29C /* Resources */,
				8A351F301521146F885C1FBC /* [CP] Embed Pods Frameworks */,
				0C93C719CCFB26CB648B27F6 /* [CP] Copy Pods Resources */,
			);
			buildRules = (
			);
			dependencies = (
			);
			name = JustLogin_MECS;
			productName = JustLogin_MECS;
			productReference = 8C00F6201E1E633B0007F29C /* JustLogin_MECS.app */;
			productType = "com.apple.product-type.application";
		};
		8C00F6331E1E633B0007F29C /* JustLogin_MECSTests */ = {
			isa = PBXNativeTarget;
			buildConfigurationList = 8C00F64B1E1E633B0007F29C /* Build configuration list for PBXNativeTarget "JustLogin_MECSTests" */;
			buildPhases = (
				2460DC72FA6CF4BA24A29BC5 /* [CP] Check Pods Manifest.lock */,
				8C00F6301E1E633B0007F29C /* Sources */,
				8C00F6311E1E633B0007F29C /* Frameworks */,
				8C00F6321E1E633B0007F29C /* Resources */,
				E1D4A54F926EE08E615D805A /* [CP] Embed Pods Frameworks */,
				AC4F545170332012C5755841 /* [CP] Copy Pods Resources */,
			);
			buildRules = (
			);
			dependencies = (
				8C00F6361E1E633B0007F29C /* PBXTargetDependency */,
			);
			name = JustLogin_MECSTests;
			productName = JustLogin_MECSTests;
			productReference = 8C00F6341E1E633B0007F29C /* JustLogin_MECSTests.xctest */;
			productType = "com.apple.product-type.bundle.unit-test";
		};
		8C00F63E1E1E633B0007F29C /* JustLogin_MECSUITests */ = {
			isa = PBXNativeTarget;
			buildConfigurationList = 8C00F64E1E1E633B0007F29C /* Build configuration list for PBXNativeTarget "JustLogin_MECSUITests" */;
			buildPhases = (
				87B0C135E70963E77D0B987D /* [CP] Check Pods Manifest.lock */,
				8C00F63B1E1E633B0007F29C /* Sources */,
				8C00F63C1E1E633B0007F29C /* Frameworks */,
				8C00F63D1E1E633B0007F29C /* Resources */,
				16B02B3F46C130BC08A60202 /* [CP] Copy Pods Resources */,
				E6E0A3093A31A70667E92DAE /* [CP] Embed Pods Frameworks */,
			);
			buildRules = (
			);
			dependencies = (
				8C00F6411E1E633B0007F29C /* PBXTargetDependency */,
			);
			name = JustLogin_MECSUITests;
			productName = JustLogin_MECSUITests;
			productReference = 8C00F63F1E1E633B0007F29C /* JustLogin_MECSUITests.xctest */;
			productType = "com.apple.product-type.bundle.ui-testing";
		};
/* End PBXNativeTarget section */

/* Begin PBXProject section */
		8C00F6181E1E633B0007F29C /* Project object */ = {
			isa = PBXProject;
			attributes = {
				LastSwiftUpdateCheck = 0820;
				LastUpgradeCheck = 0820;
				ORGANIZATIONNAME = SMRT;
				TargetAttributes = {
					8C00F61F1E1E633B0007F29C = {
						CreatedOnToolsVersion = 8.2.1;
						ProvisioningStyle = Automatic;
					};
					8C00F6331E1E633B0007F29C = {
						CreatedOnToolsVersion = 8.2.1;
						ProvisioningStyle = Automatic;
						TestTargetID = 8C00F61F1E1E633B0007F29C;
					};
					8C00F63E1E1E633B0007F29C = {
						CreatedOnToolsVersion = 8.2.1;
						ProvisioningStyle = Automatic;
						TestTargetID = 8C00F61F1E1E633B0007F29C;
					};
				};
			};
			buildConfigurationList = 8C00F61B1E1E633B0007F29C /* Build configuration list for PBXProject "JustLogin_MECS" */;
			compatibilityVersion = "Xcode 3.2";
			developmentRegion = English;
			hasScannedForEncodings = 0;
			knownRegions = (
				en,
				Base,
			);
			mainGroup = 8C00F6171E1E633B0007F29C;
			productRefGroup = 8C00F6211E1E633B0007F29C /* Products */;
			projectDirPath = "";
			projectRoot = "";
			targets = (
				8C00F61F1E1E633B0007F29C /* JustLogin_MECS */,
				8C00F6331E1E633B0007F29C /* JustLogin_MECSTests */,
				8C00F63E1E1E633B0007F29C /* JustLogin_MECSUITests */,
			);
		};
/* End PBXProject section */

/* Begin PBXResourcesBuildPhase section */
		8C00F61E1E1E633B0007F29C /* Resources */ = {
			isa = PBXResourcesBuildPhase;
			buildActionMask = 2147483647;
			files = (
				8CF2FBDC1E72C6A4001C008E /* Category.storyboard in Resources */,
				8CFD02191E753DD800526962 /* ExpenseDetailsHeaderView.xib in Resources */,
				8C00F6611E1E651A0007F29C /* Main.storyboard in Resources */,
				8C42DFDB1E63E1AA00A3B69A /* Report.storyboard in Resources */,
				8CE007271E28F3420089D159 /* SettingsTableProfileSectionHeaderView.xib in Resources */,
				8C0A01CA1E77B29600A96867 /* ReportDetailsFooterView.xib in Resources */,
				8CFD02071E73A83C00526962 /* Currency.storyboard in Resources */,
				8C00F62E1E1E633B0007F29C /* LaunchScreen.storyboard in Resources */,
				8C00F62B1E1E633B0007F29C /* Assets.xcassets in Resources */,
				8C9601FF1E1FAE8C00EE66A3 /* Dashboard.storyboard in Resources */,
				8C8995DD1E6085D900482317 /* Expense.storyboard in Resources */,
			);
			runOnlyForDeploymentPostprocessing = 0;
		};
		8C00F6321E1E633B0007F29C /* Resources */ = {
			isa = PBXResourcesBuildPhase;
			buildActionMask = 2147483647;
			files = (
				8C9602001E1FAE8C00EE66A3 /* Dashboard.storyboard in Resources */,
				8CE007281E28F3420089D159 /* SettingsTableProfileSectionHeaderView.xib in Resources */,
			);
			runOnlyForDeploymentPostprocessing = 0;
		};
		8C00F63D1E1E633B0007F29C /* Resources */ = {
			isa = PBXResourcesBuildPhase;
			buildActionMask = 2147483647;
			files = (
				8C9602011E1FAE8C00EE66A3 /* Dashboard.storyboard in Resources */,
				8CE007291E28F3420089D159 /* SettingsTableProfileSectionHeaderView.xib in Resources */,
			);
			runOnlyForDeploymentPostprocessing = 0;
		};
/* End PBXResourcesBuildPhase section */

/* Begin PBXShellScriptBuildPhase section */
		0C93C719CCFB26CB648B27F6 /* [CP] Copy Pods Resources */ = {
			isa = PBXShellScriptBuildPhase;
			buildActionMask = 2147483647;
			files = (
			);
			inputPaths = (
			);
			name = "[CP] Copy Pods Resources";
			outputPaths = (
			);
			runOnlyForDeploymentPostprocessing = 0;
			shellPath = /bin/sh;
			shellScript = "\"${SRCROOT}/Pods/Target Support Files/Pods-JustLogin_MECS/Pods-JustLogin_MECS-resources.sh\"\n";
			showEnvVarsInLog = 0;
		};
		16B02B3F46C130BC08A60202 /* [CP] Copy Pods Resources */ = {
			isa = PBXShellScriptBuildPhase;
			buildActionMask = 2147483647;
			files = (
			);
			inputPaths = (
			);
			name = "[CP] Copy Pods Resources";
			outputPaths = (
			);
			runOnlyForDeploymentPostprocessing = 0;
			shellPath = /bin/sh;
			shellScript = "\"${SRCROOT}/Pods/Target Support Files/Pods-JustLogin_MECSUITests/Pods-JustLogin_MECSUITests-resources.sh\"\n";
			showEnvVarsInLog = 0;
		};
		2460DC72FA6CF4BA24A29BC5 /* [CP] Check Pods Manifest.lock */ = {
			isa = PBXShellScriptBuildPhase;
			buildActionMask = 2147483647;
			files = (
			);
			inputPaths = (
			);
			name = "[CP] Check Pods Manifest.lock";
			outputPaths = (
			);
			runOnlyForDeploymentPostprocessing = 0;
			shellPath = /bin/sh;
			shellScript = "diff \"${PODS_ROOT}/../Podfile.lock\" \"${PODS_ROOT}/Manifest.lock\" > /dev/null\nif [ $? != 0 ] ; then\n    # print error to STDERR\n    echo \"error: The sandbox is not in sync with the Podfile.lock. Run 'pod install' or update your CocoaPods installation.\" >&2\n    exit 1\nfi\n";
			showEnvVarsInLog = 0;
		};
		601BB7D618139FC18E80AA28 /* [CP] Check Pods Manifest.lock */ = {
			isa = PBXShellScriptBuildPhase;
			buildActionMask = 2147483647;
			files = (
			);
			inputPaths = (
			);
			name = "[CP] Check Pods Manifest.lock";
			outputPaths = (
			);
			runOnlyForDeploymentPostprocessing = 0;
			shellPath = /bin/sh;
			shellScript = "diff \"${PODS_ROOT}/../Podfile.lock\" \"${PODS_ROOT}/Manifest.lock\" > /dev/null\nif [ $? != 0 ] ; then\n    # print error to STDERR\n    echo \"error: The sandbox is not in sync with the Podfile.lock. Run 'pod install' or update your CocoaPods installation.\" >&2\n    exit 1\nfi\n";
			showEnvVarsInLog = 0;
		};
		87B0C135E70963E77D0B987D /* [CP] Check Pods Manifest.lock */ = {
			isa = PBXShellScriptBuildPhase;
			buildActionMask = 2147483647;
			files = (
			);
			inputPaths = (
			);
			name = "[CP] Check Pods Manifest.lock";
			outputPaths = (
			);
			runOnlyForDeploymentPostprocessing = 0;
			shellPath = /bin/sh;
			shellScript = "diff \"${PODS_ROOT}/../Podfile.lock\" \"${PODS_ROOT}/Manifest.lock\" > /dev/null\nif [ $? != 0 ] ; then\n    # print error to STDERR\n    echo \"error: The sandbox is not in sync with the Podfile.lock. Run 'pod install' or update your CocoaPods installation.\" >&2\n    exit 1\nfi\n";
			showEnvVarsInLog = 0;
		};
		8A351F301521146F885C1FBC /* [CP] Embed Pods Frameworks */ = {
			isa = PBXShellScriptBuildPhase;
			buildActionMask = 2147483647;
			files = (
			);
			inputPaths = (
			);
			name = "[CP] Embed Pods Frameworks";
			outputPaths = (
			);
			runOnlyForDeploymentPostprocessing = 0;
			shellPath = /bin/sh;
			shellScript = "\"${SRCROOT}/Pods/Target Support Files/Pods-JustLogin_MECS/Pods-JustLogin_MECS-frameworks.sh\"\n";
			showEnvVarsInLog = 0;
		};
		AC4F545170332012C5755841 /* [CP] Copy Pods Resources */ = {
			isa = PBXShellScriptBuildPhase;
			buildActionMask = 2147483647;
			files = (
			);
			inputPaths = (
			);
			name = "[CP] Copy Pods Resources";
			outputPaths = (
			);
			runOnlyForDeploymentPostprocessing = 0;
			shellPath = /bin/sh;
			shellScript = "\"${SRCROOT}/Pods/Target Support Files/Pods-JustLogin_MECSTests/Pods-JustLogin_MECSTests-resources.sh\"\n";
			showEnvVarsInLog = 0;
		};
		E1D4A54F926EE08E615D805A /* [CP] Embed Pods Frameworks */ = {
			isa = PBXShellScriptBuildPhase;
			buildActionMask = 2147483647;
			files = (
			);
			inputPaths = (
			);
			name = "[CP] Embed Pods Frameworks";
			outputPaths = (
			);
			runOnlyForDeploymentPostprocessing = 0;
			shellPath = /bin/sh;
			shellScript = "\"${SRCROOT}/Pods/Target Support Files/Pods-JustLogin_MECSTests/Pods-JustLogin_MECSTests-frameworks.sh\"\n";
			showEnvVarsInLog = 0;
		};
		E6E0A3093A31A70667E92DAE /* [CP] Embed Pods Frameworks */ = {
			isa = PBXShellScriptBuildPhase;
			buildActionMask = 2147483647;
			files = (
			);
			inputPaths = (
			);
			name = "[CP] Embed Pods Frameworks";
			outputPaths = (
			);
			runOnlyForDeploymentPostprocessing = 0;
			shellPath = /bin/sh;
			shellScript = "\"${SRCROOT}/Pods/Target Support Files/Pods-JustLogin_MECSUITests/Pods-JustLogin_MECSUITests-frameworks.sh\"\n";
			showEnvVarsInLog = 0;
		};
/* End PBXShellScriptBuildPhase section */

/* Begin PBXSourcesBuildPhase section */
		8C00F61C1E1E633B0007F29C /* Sources */ = {
			isa = PBXSourcesBuildPhase;
			buildActionMask = 2147483647;
			files = (
				8CA4B6EA1E28A3DA007C3BE5 /* ReportListViewController.swift in Sources */,
				8CD3331D1E23C48000557B6F /* SettingsListViewController.swift in Sources */,
				8C37681F1E7F887200E82044 /* ReportDetailsBaseStrategy.swift in Sources */,
				8C96020D1E1FDB7F00EE66A3 /* SignInViewController.swift in Sources */,
				8CFD02211E7650EF00526962 /* ReportDetailsHeaderView.swift in Sources */,
				8CF655D71E5875CF00D4FEF3 /* Singleton.swift in Sources */,
				8CFD021B1E762EEC00526962 /* HomeScreenManager.swift in Sources */,
				8CF3F6501E652B0100A18D73 /* AddReportTableViewCellWithMultipleSelection.swift in Sources */,
				8CF342441E5D40E4008387BF /* BaseManager.swift in Sources */,
				8C42DFD51E63DEA300A3B69A /* ReportDetailsViewController.swift in Sources */,
				8CF655CD1E585ACE00D4FEF3 /* AccessPrivilege.swift in Sources */,
				8C3768321E7FFE8D00E82044 /* ReportDetailsToolBarApprovalListReimbursedStrategy.swift in Sources */,
				8CD333191E23BC7D00557B6F /* ExpenseListViewController.swift in Sources */,
				8CFD02111E73D2FA00526962 /* ReviewSelectReportTableViewCell.swift in Sources */,
				8CF655D31E58694E00D4FEF3 /* Currency.swift in Sources */,
				8CA4B6F71E28C3A6007C3BE5 /* ExpenseListTableViewCell.swift in Sources */,
				8C07A5651E6E87570015D419 /* AddExpenseTableViewCellDate.swift in Sources */,
				8C07A56D1E6E89EE0015D419 /* AddExpenseTableViewCellWithImageSelection.swift in Sources */,
				8CF2FBE41E72CE00001C008E /* ReviewSelectCategoryTableViewCell.swift in Sources */,
				8C00F6651E1E870B0007F29C /* LaunchCollectionViewCell.swift in Sources */,
				8C96020A1E1FDB7F00EE66A3 /* LaunchViewController.swift in Sources */,
				8CF655D51E586CF900D4FEF3 /* OrganizationDetailsService.swift in Sources */,
				8C07A5691E6E88DE0015D419 /* AddExpenseTableViewCellWithTextField.swift in Sources */,
				8CF2FBE71E72D61B001C008E /* ReviewSelectCategoryViewController.swift in Sources */,
				8CF655C91E58455A00D4FEF3 /* Member.swift in Sources */,
				8CF655DD1E58B06300D4FEF3 /* Expense.swift in Sources */,
				8C42DFD31E63DE7D00A3B69A /* AddReportViewController.swift in Sources */,
				8C1766501E7A65D500D1CDE0 /* ApprovalListManager.swift in Sources */,
				8C8995D71E60822B00482317 /* ExpenseDetailsViewController.swift in Sources */,
				8C37682E1E7FF9FB00E82044 /* ReportDetailsToolBarApprovalListSubmittedStrategy.swift in Sources */,
				8C3768341E80053900E82044 /* ReportDetailsToolBarApprovedAndReimbursedStrategy.swift in Sources */,
				8C00F6601E1E651A0007F29C /* AppDelegate.swift in Sources */,
				8C9602101E1FDB7F00EE66A3 /* SignUpViewController.swift in Sources */,
				8C9602141E1FDB9900EE66A3 /* HomeViewController.swift in Sources */,
				8C42DFDD1E6436C900A3B69A /* ExpenseAndReportField.swift in Sources */,
				8C37681E1E7F887200E82044 /* ReportDetailsAuditHistoryStrategy.swift in Sources */,
				8C1766521E7A7B3A00D1CDE0 /* UIColor.swift in Sources */,
				8C07A5671E6E87840015D419 /* AddExpenseTableViewCellCurrencyAndAmount.swift in Sources */,
				8C0A01D11E77C38100A96867 /* Double.swift in Sources */,
				8C07A56B1E6E88F00015D419 /* AddExpenseTableViewCellWithMultipleSelection.swift in Sources */,
				8CF655DF1E58B07000D4FEF3 /* Report.swift in Sources */,
				8CF2FBD31E7156A3001C008E /* SettingsListManager.swift in Sources */,
				8CF3F6591E6671DA00A18D73 /* AddReportBaseTableViewCell.swift in Sources */,
				8C37682A1E7FB51E00E82044 /* ReportDetailsToolBarUnsubmittedStrategy.swift in Sources */,
				8C0A01DE1E78E15100A96867 /* ApproversListViewController.swift in Sources */,
				8CEAADBE1E55468100BDB5ED /* BaseService.swift in Sources */,
				8CA4B6EF1E28A5A8007C3BE5 /* ApprovalListViewController.swift in Sources */,
				8CFD020F1E73AAE800526962 /* CurrencyService.swift in Sources */,
				8C299FF31E681EDA0077A730 /* ExpenseDetailsHeaderView.swift in Sources */,
				8CB44AD21E5AC642005CC04D /* ExpenseListManager.swift in Sources */,
				8C07A5711E6E8BDF0015D419 /* AddExpenseBaseTableViewCell.swift in Sources */,
				8CFD020D1E73A93C00526962 /* ReviewSelectCurrencyManager.swift in Sources */,
				8CF3F64E1E652AA900A18D73 /* AddReportTableViewCellWithTextField.swift in Sources */,
				8CFD020A1E73A8B200526962 /* ReviewSelectCurrencyViewController.swift in Sources */,
				8C0A01DC1E78CA0E00A96867 /* ApprovalService.swift in Sources */,
				8CFD02151E73D39800526962 /* ReviewSelectReportManager.swift in Sources */,
				8C1766551E7A851200D1CDE0 /* Styles.swift in Sources */,
				8CE007231E28F3280089D159 /* SettingsTableProfileSectionHeaderView.swift in Sources */,
				8CF655C71E58387100D4FEF3 /* LoginService.swift in Sources */,
				8CF3F6521E652B1E00A18D73 /* AddReportTableViewCellDuration.swift in Sources */,
				8C42DFD71E63E03400A3B69A /* AddReportManager.swift in Sources */,
				8C0A01D01E77C38100A96867 /* Dictionary.swift in Sources */,
				8C37682C1E7FE9F000E82044 /* ReportDetailsToolBarSubmittedStrategy.swift in Sources */,
				8CFD02131E73D35D00526962 /* ReviewSelectReportViewController.swift in Sources */,
				8C0A01CC1E77BBD300A96867 /* ReportDetailsTableViewCell.swift in Sources */,
				8C07A56F1E6E8BB30015D419 /* AddExpenseTableViewCellWithTextView.swift in Sources */,
				8CF2FBE11E72C76E001C008E /* CategoryService.swift in Sources */,
				8C07A5631E6E87390015D419 /* AddExpenseTableViewCellCategory.swift in Sources */,
				8CD333211E23C4E500557B6F /* BaseViewControllerWithTableView.swift in Sources */,
				8C3768301E7FFC0E00E82044 /* ReportDetailsToolBarApprovalListApprovedStrategy.swift in Sources */,
				8C5141291E1E98EC003AD3B1 /* Constants.swift in Sources */,
				8C51413B1E1F5F95003AD3B1 /* BaseCustomCollectionViewCell.swift in Sources */,
				8C8995D51E60821200482317 /* AddExpenseViewController.swift in Sources */,
				8CF342411E5D3941008387BF /* SignInManager.swift in Sources */,
				8CF2FBD71E726E56001C008E /* ExpenseDetailsAuditHistoryTableViewCell.swift in Sources */,
				8CF3F6541E652B3400A18D73 /* AddReportTableViewCellWithTextView.swift in Sources */,
				8C0A01E21E78E4E700A96867 /* ApproversListTableViewCell.swift in Sources */,
				8C51413F1E1F5FDB003AD3B1 /* BaseCustomTableViewCell.swift in Sources */,
				8CF2FBD51E71A26D001C008E /* ExpenseAuditHistory.swift in Sources */,
				8C5141371E1F5F53003AD3B1 /* BaseViewController.swift in Sources */,
				8C42DFD91E63E05100A3B69A /* ReportDetailsManager.swift in Sources */,
				8C0A01E41E78EAB600A96867 /* MemberService.swift in Sources */,
				8CEB70B71E6D3C3500411ECB /* Strings.swift in Sources */,
				8CB44AD41E5B0380005CC04D /* ReportListManager.swift in Sources */,
				8CF655D91E589EB700D4FEF3 /* ExpenseService.swift in Sources */,
				8CB44AD61E5B1163005CC04D /* Utilities.swift in Sources */,
				8C3768241E7F888C00E82044 /* ReportDetailsToolBarBaseStrategy.swift in Sources */,
				8C8995D91E60836C00482317 /* AddExpenseManager.swift in Sources */,
				8C96021D1E1FE14A00EE66A3 /* Enums.swift in Sources */,
				8CF655DB1E589F1B00D4FEF3 /* ReportService.swift in Sources */,
				8CE007151E28D7C90089D159 /* ApprovalListTableViewCell.swift in Sources */,
				8CA4B6F31E28ACA6007C3BE5 /* ReportListTableViewCell.swift in Sources */,
				8C8995DB1E60839400482317 /* ExpenseDetailsManager.swift in Sources */,
				8CF655CF1E58693500D4FEF3 /* Organization.swift in Sources */,
				8CF655E71E58B59B00D4FEF3 /* LaunchManager.swift in Sources */,
				8C3768201E7F887200E82044 /* ReportDetailsExpenseStrategy.swift in Sources */,
				8C0A01E01E78E19400A96867 /* ApproversListManager.swift in Sources */,
				8C3768211E7F887200E82044 /* ReportDetailsMoreDetailStrategy.swift in Sources */,
				8CF655CB1E585A8200D4FEF3 /* Role.swift in Sources */,
				8CF655D11E58694400D4FEF3 /* Category.swift in Sources */,
				8C26DDB91E779DE400FC0E13 /* ReportDetailsFooterView.swift in Sources */,
				8CF2FBDF1E72C73C001C008E /* ReviewSelectCategoryManager.swift in Sources */,
			);
			runOnlyForDeploymentPostprocessing = 0;
		};
		8C00F6301E1E633B0007F29C /* Sources */ = {
			isa = PBXSourcesBuildPhase;
			buildActionMask = 2147483647;
			files = (
				8C00F6391E1E633B0007F29C /* JustLogin_MECSTests.swift in Sources */,
				8CF655EC1E58BE2E00D4FEF3 /* LoginServiceTests.swift in Sources */,
			);
			runOnlyForDeploymentPostprocessing = 0;
		};
		8C00F63B1E1E633B0007F29C /* Sources */ = {
			isa = PBXSourcesBuildPhase;
			buildActionMask = 2147483647;
			files = (
				8C00F6441E1E633B0007F29C /* JustLogin_MECSUITests.swift in Sources */,
			);
			runOnlyForDeploymentPostprocessing = 0;
		};
/* End PBXSourcesBuildPhase section */

/* Begin PBXTargetDependency section */
		8C00F6361E1E633B0007F29C /* PBXTargetDependency */ = {
			isa = PBXTargetDependency;
			target = 8C00F61F1E1E633B0007F29C /* JustLogin_MECS */;
			targetProxy = 8C00F6351E1E633B0007F29C /* PBXContainerItemProxy */;
		};
		8C00F6411E1E633B0007F29C /* PBXTargetDependency */ = {
			isa = PBXTargetDependency;
			target = 8C00F61F1E1E633B0007F29C /* JustLogin_MECS */;
			targetProxy = 8C00F6401E1E633B0007F29C /* PBXContainerItemProxy */;
		};
/* End PBXTargetDependency section */

/* Begin PBXVariantGroup section */
		8C00F62C1E1E633B0007F29C /* LaunchScreen.storyboard */ = {
			isa = PBXVariantGroup;
			children = (
				8C00F62D1E1E633B0007F29C /* Base */,
			);
			name = LaunchScreen.storyboard;
			sourceTree = "<group>";
		};
/* End PBXVariantGroup section */

/* Begin XCBuildConfiguration section */
		8C00F6461E1E633B0007F29C /* Debug */ = {
			isa = XCBuildConfiguration;
			buildSettings = {
				ALWAYS_SEARCH_USER_PATHS = NO;
				CLANG_ANALYZER_NONNULL = YES;
				CLANG_CXX_LANGUAGE_STANDARD = "gnu++0x";
				CLANG_CXX_LIBRARY = "libc++";
				CLANG_ENABLE_MODULES = YES;
				CLANG_ENABLE_OBJC_ARC = YES;
				CLANG_WARN_BOOL_CONVERSION = YES;
				CLANG_WARN_CONSTANT_CONVERSION = YES;
				CLANG_WARN_DIRECT_OBJC_ISA_USAGE = YES_ERROR;
				CLANG_WARN_DOCUMENTATION_COMMENTS = YES;
				CLANG_WARN_EMPTY_BODY = YES;
				CLANG_WARN_ENUM_CONVERSION = YES;
				CLANG_WARN_INFINITE_RECURSION = YES;
				CLANG_WARN_INT_CONVERSION = YES;
				CLANG_WARN_OBJC_ROOT_CLASS = YES_ERROR;
				CLANG_WARN_SUSPICIOUS_MOVE = YES;
				CLANG_WARN_UNREACHABLE_CODE = YES;
				CLANG_WARN__DUPLICATE_METHOD_MATCH = YES;
				"CODE_SIGN_IDENTITY[sdk=iphoneos*]" = "iPhone Developer";
				COPY_PHASE_STRIP = NO;
				DEBUG_INFORMATION_FORMAT = dwarf;
				ENABLE_STRICT_OBJC_MSGSEND = YES;
				ENABLE_TESTABILITY = YES;
				GCC_C_LANGUAGE_STANDARD = gnu99;
				GCC_DYNAMIC_NO_PIC = NO;
				GCC_NO_COMMON_BLOCKS = YES;
				GCC_OPTIMIZATION_LEVEL = 0;
				GCC_PREPROCESSOR_DEFINITIONS = (
					"DEBUG=1",
					"$(inherited)",
				);
				GCC_WARN_64_TO_32_BIT_CONVERSION = YES;
				GCC_WARN_ABOUT_RETURN_TYPE = YES_ERROR;
				GCC_WARN_UNDECLARED_SELECTOR = YES;
				GCC_WARN_UNINITIALIZED_AUTOS = YES_AGGRESSIVE;
				GCC_WARN_UNUSED_FUNCTION = YES;
				GCC_WARN_UNUSED_VARIABLE = YES;
				IPHONEOS_DEPLOYMENT_TARGET = 10.2;
				MTL_ENABLE_DEBUG_INFO = YES;
				ONLY_ACTIVE_ARCH = YES;
				SDKROOT = iphoneos;
				SWIFT_ACTIVE_COMPILATION_CONDITIONS = DEBUG;
				SWIFT_OPTIMIZATION_LEVEL = "-Onone";
				TARGETED_DEVICE_FAMILY = "1,2";
			};
			name = Debug;
		};
		8C00F6471E1E633B0007F29C /* Release */ = {
			isa = XCBuildConfiguration;
			buildSettings = {
				ALWAYS_SEARCH_USER_PATHS = NO;
				CLANG_ANALYZER_NONNULL = YES;
				CLANG_CXX_LANGUAGE_STANDARD = "gnu++0x";
				CLANG_CXX_LIBRARY = "libc++";
				CLANG_ENABLE_MODULES = YES;
				CLANG_ENABLE_OBJC_ARC = YES;
				CLANG_WARN_BOOL_CONVERSION = YES;
				CLANG_WARN_CONSTANT_CONVERSION = YES;
				CLANG_WARN_DIRECT_OBJC_ISA_USAGE = YES_ERROR;
				CLANG_WARN_DOCUMENTATION_COMMENTS = YES;
				CLANG_WARN_EMPTY_BODY = YES;
				CLANG_WARN_ENUM_CONVERSION = YES;
				CLANG_WARN_INFINITE_RECURSION = YES;
				CLANG_WARN_INT_CONVERSION = YES;
				CLANG_WARN_OBJC_ROOT_CLASS = YES_ERROR;
				CLANG_WARN_SUSPICIOUS_MOVE = YES;
				CLANG_WARN_UNREACHABLE_CODE = YES;
				CLANG_WARN__DUPLICATE_METHOD_MATCH = YES;
				"CODE_SIGN_IDENTITY[sdk=iphoneos*]" = "iPhone Developer";
				COPY_PHASE_STRIP = NO;
				DEBUG_INFORMATION_FORMAT = "dwarf-with-dsym";
				ENABLE_NS_ASSERTIONS = NO;
				ENABLE_STRICT_OBJC_MSGSEND = YES;
				GCC_C_LANGUAGE_STANDARD = gnu99;
				GCC_NO_COMMON_BLOCKS = YES;
				GCC_WARN_64_TO_32_BIT_CONVERSION = YES;
				GCC_WARN_ABOUT_RETURN_TYPE = YES_ERROR;
				GCC_WARN_UNDECLARED_SELECTOR = YES;
				GCC_WARN_UNINITIALIZED_AUTOS = YES_AGGRESSIVE;
				GCC_WARN_UNUSED_FUNCTION = YES;
				GCC_WARN_UNUSED_VARIABLE = YES;
				IPHONEOS_DEPLOYMENT_TARGET = 10.2;
				MTL_ENABLE_DEBUG_INFO = NO;
				SDKROOT = iphoneos;
				SWIFT_OPTIMIZATION_LEVEL = "-Owholemodule";
				TARGETED_DEVICE_FAMILY = "1,2";
				VALIDATE_PRODUCT = YES;
			};
			name = Release;
		};
		8C00F6491E1E633B0007F29C /* Debug */ = {
			isa = XCBuildConfiguration;
			baseConfigurationReference = C1E5D39D743F2AA54C3A1C46 /* Pods-JustLogin_MECS.debug.xcconfig */;
			buildSettings = {
				ALWAYS_EMBED_SWIFT_STANDARD_LIBRARIES = "$(inherited)";
				ASSETCATALOG_COMPILER_APPICON_NAME = AppIcon;
				INFOPLIST_FILE = JustLogin_MECS/Info.plist;
				IPHONEOS_DEPLOYMENT_TARGET = 9.0;
				LD_RUNPATH_SEARCH_PATHS = "$(inherited) @executable_path/Frameworks";
				PRODUCT_BUNDLE_IDENTIFIER = "com.footyapps27.JustLogin-MECS";
				PRODUCT_NAME = "$(TARGET_NAME)";
				SWIFT_VERSION = 3.0;
			};
			name = Debug;
		};
		8C00F64A1E1E633B0007F29C /* Release */ = {
			isa = XCBuildConfiguration;
			baseConfigurationReference = 41F056EBCE94E2A428FC86DB /* Pods-JustLogin_MECS.release.xcconfig */;
			buildSettings = {
				ALWAYS_EMBED_SWIFT_STANDARD_LIBRARIES = "$(inherited)";
				ASSETCATALOG_COMPILER_APPICON_NAME = AppIcon;
				INFOPLIST_FILE = JustLogin_MECS/Info.plist;
				IPHONEOS_DEPLOYMENT_TARGET = 9.0;
				LD_RUNPATH_SEARCH_PATHS = "$(inherited) @executable_path/Frameworks";
				PRODUCT_BUNDLE_IDENTIFIER = "com.footyapps27.JustLogin-MECS";
				PRODUCT_NAME = "$(TARGET_NAME)";
				SWIFT_VERSION = 3.0;
			};
			name = Release;
		};
		8C00F64C1E1E633B0007F29C /* Debug */ = {
			isa = XCBuildConfiguration;
			baseConfigurationReference = 19C1B91D14D85716219E9654 /* Pods-JustLogin_MECSTests.debug.xcconfig */;
			buildSettings = {
				ALWAYS_EMBED_SWIFT_STANDARD_LIBRARIES = "$(inherited)";
				BUNDLE_LOADER = "$(TEST_HOST)";
				INFOPLIST_FILE = JustLogin_MECSTests/Info.plist;
				LD_RUNPATH_SEARCH_PATHS = "$(inherited) @executable_path/Frameworks @loader_path/Frameworks";
				PRODUCT_BUNDLE_IDENTIFIER = "com.footyapps27.JustLogin-MECSTests";
				PRODUCT_NAME = "$(TARGET_NAME)";
				SWIFT_VERSION = 3.0;
				TEST_HOST = "$(BUILT_PRODUCTS_DIR)/JustLogin_MECS.app/JustLogin_MECS";
			};
			name = Debug;
		};
		8C00F64D1E1E633B0007F29C /* Release */ = {
			isa = XCBuildConfiguration;
			baseConfigurationReference = CF3885E556538396244297B4 /* Pods-JustLogin_MECSTests.release.xcconfig */;
			buildSettings = {
				ALWAYS_EMBED_SWIFT_STANDARD_LIBRARIES = "$(inherited)";
				BUNDLE_LOADER = "$(TEST_HOST)";
				INFOPLIST_FILE = JustLogin_MECSTests/Info.plist;
				LD_RUNPATH_SEARCH_PATHS = "$(inherited) @executable_path/Frameworks @loader_path/Frameworks";
				PRODUCT_BUNDLE_IDENTIFIER = "com.footyapps27.JustLogin-MECSTests";
				PRODUCT_NAME = "$(TARGET_NAME)";
				SWIFT_VERSION = 3.0;
				TEST_HOST = "$(BUILT_PRODUCTS_DIR)/JustLogin_MECS.app/JustLogin_MECS";
			};
			name = Release;
		};
		8C00F64F1E1E633B0007F29C /* Debug */ = {
			isa = XCBuildConfiguration;
			baseConfigurationReference = 393DAF4CB3929DEB427088BA /* Pods-JustLogin_MECSUITests.debug.xcconfig */;
			buildSettings = {
				ALWAYS_EMBED_SWIFT_STANDARD_LIBRARIES = "$(inherited)";
				INFOPLIST_FILE = JustLogin_MECSUITests/Info.plist;
				LD_RUNPATH_SEARCH_PATHS = "$(inherited) @executable_path/Frameworks @loader_path/Frameworks";
				PRODUCT_BUNDLE_IDENTIFIER = "com.footyapps27.JustLogin-MECSUITests";
				PRODUCT_NAME = "$(TARGET_NAME)";
				SWIFT_VERSION = 3.0;
				TEST_TARGET_NAME = JustLogin_MECS;
			};
			name = Debug;
		};
		8C00F6501E1E633B0007F29C /* Release */ = {
			isa = XCBuildConfiguration;
			baseConfigurationReference = 103CBA0393E63585FE04544A /* Pods-JustLogin_MECSUITests.release.xcconfig */;
			buildSettings = {
				ALWAYS_EMBED_SWIFT_STANDARD_LIBRARIES = "$(inherited)";
				INFOPLIST_FILE = JustLogin_MECSUITests/Info.plist;
				LD_RUNPATH_SEARCH_PATHS = "$(inherited) @executable_path/Frameworks @loader_path/Frameworks";
				PRODUCT_BUNDLE_IDENTIFIER = "com.footyapps27.JustLogin-MECSUITests";
				PRODUCT_NAME = "$(TARGET_NAME)";
				SWIFT_VERSION = 3.0;
				TEST_TARGET_NAME = JustLogin_MECS;
			};
			name = Release;
		};
/* End XCBuildConfiguration section */

/* Begin XCConfigurationList section */
		8C00F61B1E1E633B0007F29C /* Build configuration list for PBXProject "JustLogin_MECS" */ = {
			isa = XCConfigurationList;
			buildConfigurations = (
				8C00F6461E1E633B0007F29C /* Debug */,
				8C00F6471E1E633B0007F29C /* Release */,
			);
			defaultConfigurationIsVisible = 0;
			defaultConfigurationName = Release;
		};
		8C00F6481E1E633B0007F29C /* Build configuration list for PBXNativeTarget "JustLogin_MECS" */ = {
			isa = XCConfigurationList;
			buildConfigurations = (
				8C00F6491E1E633B0007F29C /* Debug */,
				8C00F64A1E1E633B0007F29C /* Release */,
			);
			defaultConfigurationIsVisible = 0;
			defaultConfigurationName = Release;
		};
		8C00F64B1E1E633B0007F29C /* Build configuration list for PBXNativeTarget "JustLogin_MECSTests" */ = {
			isa = XCConfigurationList;
			buildConfigurations = (
				8C00F64C1E1E633B0007F29C /* Debug */,
				8C00F64D1E1E633B0007F29C /* Release */,
			);
			defaultConfigurationIsVisible = 0;
			defaultConfigurationName = Release;
		};
		8C00F64E1E1E633B0007F29C /* Build configuration list for PBXNativeTarget "JustLogin_MECSUITests" */ = {
			isa = XCConfigurationList;
			buildConfigurations = (
				8C00F64F1E1E633B0007F29C /* Debug */,
				8C00F6501E1E633B0007F29C /* Release */,
			);
			defaultConfigurationIsVisible = 0;
			defaultConfigurationName = Release;
		};
/* End XCConfigurationList section */
	};
	rootObject = 8C00F6181E1E633B0007F29C /* Project object */;
}
