// !$*UTF8*$!
{
	archiveVersion = 1;
	classes = {
	};
	objectVersion = 46;
	objects = {

/* Begin PBXBuildFile section */
		63D504A9DB4D5859AA42DD2D /* Pods_JustLogin_MECS.framework in Frameworks */ = {isa = PBXBuildFile; fileRef = 15D37D7EE66395E5AB8DC348 /* Pods_JustLogin_MECS.framework */; };
		839D44459D2522C8846C08E2 /* Pods_JustLogin_MECSUITests.framework in Frameworks */ = {isa = PBXBuildFile; fileRef = 3671BE43F8E06AB95554995F /* Pods_JustLogin_MECSUITests.framework */; };
		8B05F0FBD4572578B936E0DC /* Pods_JustLogin_MECSTests.framework in Frameworks */ = {isa = PBXBuildFile; fileRef = 58A0856FCDD166070D12893C /* Pods_JustLogin_MECSTests.framework */; };
		8C00F62B1E1E633B0007F29C /* Assets.xcassets in Resources */ = {isa = PBXBuildFile; fileRef = 8C00F62A1E1E633B0007F29C /* Assets.xcassets */; };
		8C00F62E1E1E633B0007F29C /* LaunchScreen.storyboard in Resources */ = {isa = PBXBuildFile; fileRef = 8C00F62C1E1E633B0007F29C /* LaunchScreen.storyboard */; };
		8C00F6391E1E633B0007F29C /* JustLogin_MECSTests.swift in Sources */ = {isa = PBXBuildFile; fileRef = 8C00F6381E1E633B0007F29C /* JustLogin_MECSTests.swift */; };
		8C00F6441E1E633B0007F29C /* JustLogin_MECSUITests.swift in Sources */ = {isa = PBXBuildFile; fileRef = 8C00F6431E1E633B0007F29C /* JustLogin_MECSUITests.swift */; };
		8C00F6601E1E651A0007F29C /* AppDelegate.swift in Sources */ = {isa = PBXBuildFile; fileRef = 8C00F6531E1E651A0007F29C /* AppDelegate.swift */; };
		8C00F6611E1E651A0007F29C /* Main.storyboard in Resources */ = {isa = PBXBuildFile; fileRef = 8C00F65B1E1E651A0007F29C /* Main.storyboard */; };
		8C00F6651E1E870B0007F29C /* LaunchCollectionViewCell.swift in Sources */ = {isa = PBXBuildFile; fileRef = 8C00F6641E1E870B0007F29C /* LaunchCollectionViewCell.swift */; };
		8C5141291E1E98EC003AD3B1 /* Constants.swift in Sources */ = {isa = PBXBuildFile; fileRef = 8C5141281E1E98EC003AD3B1 /* Constants.swift */; };
		8C5141371E1F5F53003AD3B1 /* BaseViewController.swift in Sources */ = {isa = PBXBuildFile; fileRef = 8C5141361E1F5F53003AD3B1 /* BaseViewController.swift */; };
		8C51413B1E1F5F95003AD3B1 /* BaseCustomCollectionViewCell.swift in Sources */ = {isa = PBXBuildFile; fileRef = 8C51413A1E1F5F95003AD3B1 /* BaseCustomCollectionViewCell.swift */; };
		8C51413F1E1F5FDB003AD3B1 /* BaseCustomTableViewCell.swift in Sources */ = {isa = PBXBuildFile; fileRef = 8C51413E1E1F5FDB003AD3B1 /* BaseCustomTableViewCell.swift */; };
		8C9601FF1E1FAE8C00EE66A3 /* Dashboard.storyboard in Resources */ = {isa = PBXBuildFile; fileRef = 8C9601FE1E1FAE8C00EE66A3 /* Dashboard.storyboard */; };
		8C9602001E1FAE8C00EE66A3 /* Dashboard.storyboard in Resources */ = {isa = PBXBuildFile; fileRef = 8C9601FE1E1FAE8C00EE66A3 /* Dashboard.storyboard */; };
		8C9602011E1FAE8C00EE66A3 /* Dashboard.storyboard in Resources */ = {isa = PBXBuildFile; fileRef = 8C9601FE1E1FAE8C00EE66A3 /* Dashboard.storyboard */; };
		8C96020A1E1FDB7F00EE66A3 /* LaunchViewController.swift in Sources */ = {isa = PBXBuildFile; fileRef = 8C9602051E1FDB7F00EE66A3 /* LaunchViewController.swift */; };
		8C96020D1E1FDB7F00EE66A3 /* SignInViewController.swift in Sources */ = {isa = PBXBuildFile; fileRef = 8C9602061E1FDB7F00EE66A3 /* SignInViewController.swift */; };
		8C9602101E1FDB7F00EE66A3 /* SignUpViewController.swift in Sources */ = {isa = PBXBuildFile; fileRef = 8C9602071E1FDB7F00EE66A3 /* SignUpViewController.swift */; };
		8C9602141E1FDB9900EE66A3 /* HomeViewController.swift in Sources */ = {isa = PBXBuildFile; fileRef = 8C9602131E1FDB9900EE66A3 /* HomeViewController.swift */; };
		8C9602181E1FDFA900EE66A3 /* User.swift in Sources */ = {isa = PBXBuildFile; fileRef = 8C9602171E1FDFA900EE66A3 /* User.swift */; };
		8C96021D1E1FE14A00EE66A3 /* Roles.swift in Sources */ = {isa = PBXBuildFile; fileRef = 8C96021C1E1FE14A00EE66A3 /* Roles.swift */; };
		8CA4B6EA1E28A3DA007C3BE5 /* ReportListViewController.swift in Sources */ = {isa = PBXBuildFile; fileRef = 8CA4B6E91E28A3DA007C3BE5 /* ReportListViewController.swift */; };
		8CA4B6EF1E28A5A8007C3BE5 /* ApprovalListViewController.swift in Sources */ = {isa = PBXBuildFile; fileRef = 8CA4B6EE1E28A5A8007C3BE5 /* ApprovalListViewController.swift */; };
		8CA4B6F31E28ACA6007C3BE5 /* ReportListTableViewCell.swift in Sources */ = {isa = PBXBuildFile; fileRef = 8CA4B6F21E28ACA6007C3BE5 /* ReportListTableViewCell.swift */; };
		8CA4B6F71E28C3A6007C3BE5 /* ExpenseListTableViewCell.swift in Sources */ = {isa = PBXBuildFile; fileRef = 8CA4B6F61E28C3A6007C3BE5 /* ExpenseListTableViewCell.swift */; };
		8CD333191E23BC7D00557B6F /* ExpenseListViewController.swift in Sources */ = {isa = PBXBuildFile; fileRef = 8CD333181E23BC7D00557B6F /* ExpenseListViewController.swift */; };
		8CD3331D1E23C48000557B6F /* SettingsListViewController.swift in Sources */ = {isa = PBXBuildFile; fileRef = 8CD3331C1E23C48000557B6F /* SettingsListViewController.swift */; };
		8CD333211E23C4E500557B6F /* BaseViewControllerWithTableView.swift in Sources */ = {isa = PBXBuildFile; fileRef = 8CD333201E23C4E500557B6F /* BaseViewControllerWithTableView.swift */; };
		8CE007151E28D7C90089D159 /* ApprovalListTableViewCell.swift in Sources */ = {isa = PBXBuildFile; fileRef = 8CE007141E28D7C90089D159 /* ApprovalListTableViewCell.swift */; };
		8CE007231E28F3280089D159 /* SettingsTableProfileSectionHeaderView.swift in Sources */ = {isa = PBXBuildFile; fileRef = 8CE007211E28F3280089D159 /* SettingsTableProfileSectionHeaderView.swift */; };
		8CE007271E28F3420089D159 /* SettingsTableProfileSectionHeaderView.xib in Resources */ = {isa = PBXBuildFile; fileRef = 8CE007261E28F3420089D159 /* SettingsTableProfileSectionHeaderView.xib */; };
		8CE007281E28F3420089D159 /* SettingsTableProfileSectionHeaderView.xib in Resources */ = {isa = PBXBuildFile; fileRef = 8CE007261E28F3420089D159 /* SettingsTableProfileSectionHeaderView.xib */; };
		8CE007291E28F3420089D159 /* SettingsTableProfileSectionHeaderView.xib in Resources */ = {isa = PBXBuildFile; fileRef = 8CE007261E28F3420089D159 /* SettingsTableProfileSectionHeaderView.xib */; };
/* End PBXBuildFile section */

/* Begin PBXContainerItemProxy section */
		8C00F6351E1E633B0007F29C /* PBXContainerItemProxy */ = {
			isa = PBXContainerItemProxy;
			containerPortal = 8C00F6181E1E633B0007F29C /* Project object */;
			proxyType = 1;
			remoteGlobalIDString = 8C00F61F1E1E633B0007F29C;
			remoteInfo = JustLogin_MECS;
		};
		8C00F6401E1E633B0007F29C /* PBXContainerItemProxy */ = {
			isa = PBXContainerItemProxy;
			containerPortal = 8C00F6181E1E633B0007F29C /* Project object */;
			proxyType = 1;
			remoteGlobalIDString = 8C00F61F1E1E633B0007F29C;
			remoteInfo = JustLogin_MECS;
		};
/* End PBXContainerItemProxy section */

/* Begin PBXFileReference section */
		103CBA0393E63585FE04544A /* Pods-JustLogin_MECSUITests.release.xcconfig */ = {isa = PBXFileReference; includeInIndex = 1; lastKnownFileType = text.xcconfig; name = "Pods-JustLogin_MECSUITests.release.xcconfig"; path = "Pods/Target Support Files/Pods-JustLogin_MECSUITests/Pods-JustLogin_MECSUITests.release.xcconfig"; sourceTree = "<group>"; };
		15D37D7EE66395E5AB8DC348 /* Pods_JustLogin_MECS.framework */ = {isa = PBXFileReference; explicitFileType = wrapper.framework; includeInIndex = 0; path = Pods_JustLogin_MECS.framework; sourceTree = BUILT_PRODUCTS_DIR; };
		19C1B91D14D85716219E9654 /* Pods-JustLogin_MECSTests.debug.xcconfig */ = {isa = PBXFileReference; includeInIndex = 1; lastKnownFileType = text.xcconfig; name = "Pods-JustLogin_MECSTests.debug.xcconfig"; path = "Pods/Target Support Files/Pods-JustLogin_MECSTests/Pods-JustLogin_MECSTests.debug.xcconfig"; sourceTree = "<group>"; };
		3671BE43F8E06AB95554995F /* Pods_JustLogin_MECSUITests.framework */ = {isa = PBXFileReference; explicitFileType = wrapper.framework; includeInIndex = 0; path = Pods_JustLogin_MECSUITests.framework; sourceTree = BUILT_PRODUCTS_DIR; };
		393DAF4CB3929DEB427088BA /* Pods-JustLogin_MECSUITests.debug.xcconfig */ = {isa = PBXFileReference; includeInIndex = 1; lastKnownFileType = text.xcconfig; name = "Pods-JustLogin_MECSUITests.debug.xcconfig"; path = "Pods/Target Support Files/Pods-JustLogin_MECSUITests/Pods-JustLogin_MECSUITests.debug.xcconfig"; sourceTree = "<group>"; };
		41F056EBCE94E2A428FC86DB /* Pods-JustLogin_MECS.release.xcconfig */ = {isa = PBXFileReference; includeInIndex = 1; lastKnownFileType = text.xcconfig; name = "Pods-JustLogin_MECS.release.xcconfig"; path = "Pods/Target Support Files/Pods-JustLogin_MECS/Pods-JustLogin_MECS.release.xcconfig"; sourceTree = "<group>"; };
		58A0856FCDD166070D12893C /* Pods_JustLogin_MECSTests.framework */ = {isa = PBXFileReference; explicitFileType = wrapper.framework; includeInIndex = 0; path = Pods_JustLogin_MECSTests.framework; sourceTree = BUILT_PRODUCTS_DIR; };
		8C00F6201E1E633B0007F29C /* JustLogin_MECS.app */ = {isa = PBXFileReference; explicitFileType = wrapper.application; includeInIndex = 0; path = JustLogin_MECS.app; sourceTree = BUILT_PRODUCTS_DIR; };
		8C00F62A1E1E633B0007F29C /* Assets.xcassets */ = {isa = PBXFileReference; lastKnownFileType = folder.assetcatalog; path = Assets.xcassets; sourceTree = "<group>"; };
		8C00F62D1E1E633B0007F29C /* Base */ = {isa = PBXFileReference; lastKnownFileType = file.storyboard; name = Base; path = Base.lproj/LaunchScreen.storyboard; sourceTree = "<group>"; };
		8C00F62F1E1E633B0007F29C /* Info.plist */ = {isa = PBXFileReference; lastKnownFileType = text.plist.xml; path = Info.plist; sourceTree = "<group>"; };
		8C00F6341E1E633B0007F29C /* JustLogin_MECSTests.xctest */ = {isa = PBXFileReference; explicitFileType = wrapper.cfbundle; includeInIndex = 0; path = JustLogin_MECSTests.xctest; sourceTree = BUILT_PRODUCTS_DIR; };
		8C00F6381E1E633B0007F29C /* JustLogin_MECSTests.swift */ = {isa = PBXFileReference; lastKnownFileType = sourcecode.swift; path = JustLogin_MECSTests.swift; sourceTree = "<group>"; };
		8C00F63A1E1E633B0007F29C /* Info.plist */ = {isa = PBXFileReference; lastKnownFileType = text.plist.xml; path = Info.plist; sourceTree = "<group>"; };
		8C00F63F1E1E633B0007F29C /* JustLogin_MECSUITests.xctest */ = {isa = PBXFileReference; explicitFileType = wrapper.cfbundle; includeInIndex = 0; path = JustLogin_MECSUITests.xctest; sourceTree = BUILT_PRODUCTS_DIR; };
		8C00F6431E1E633B0007F29C /* JustLogin_MECSUITests.swift */ = {isa = PBXFileReference; lastKnownFileType = sourcecode.swift; path = JustLogin_MECSUITests.swift; sourceTree = "<group>"; };
		8C00F6451E1E633B0007F29C /* Info.plist */ = {isa = PBXFileReference; lastKnownFileType = text.plist.xml; path = Info.plist; sourceTree = "<group>"; };
		8C00F6531E1E651A0007F29C /* AppDelegate.swift */ = {isa = PBXFileReference; fileEncoding = 4; lastKnownFileType = sourcecode.swift; path = AppDelegate.swift; sourceTree = "<group>"; };
		8C00F65B1E1E651A0007F29C /* Main.storyboard */ = {isa = PBXFileReference; fileEncoding = 4; lastKnownFileType = file.storyboard; path = Main.storyboard; sourceTree = "<group>"; };
		8C00F6641E1E870B0007F29C /* LaunchCollectionViewCell.swift */ = {isa = PBXFileReference; fileEncoding = 4; lastKnownFileType = sourcecode.swift; path = LaunchCollectionViewCell.swift; sourceTree = "<group>"; };
		8C5141281E1E98EC003AD3B1 /* Constants.swift */ = {isa = PBXFileReference; fileEncoding = 4; lastKnownFileType = sourcecode.swift; path = Constants.swift; sourceTree = "<group>"; };
		8C5141361E1F5F53003AD3B1 /* BaseViewController.swift */ = {isa = PBXFileReference; fileEncoding = 4; lastKnownFileType = sourcecode.swift; path = BaseViewController.swift; sourceTree = "<group>"; };
		8C51413A1E1F5F95003AD3B1 /* BaseCustomCollectionViewCell.swift */ = {isa = PBXFileReference; fileEncoding = 4; lastKnownFileType = sourcecode.swift; path = BaseCustomCollectionViewCell.swift; sourceTree = "<group>"; };
		8C51413E1E1F5FDB003AD3B1 /* BaseCustomTableViewCell.swift */ = {isa = PBXFileReference; fileEncoding = 4; lastKnownFileType = sourcecode.swift; path = BaseCustomTableViewCell.swift; sourceTree = "<group>"; };
		8C9601FE1E1FAE8C00EE66A3 /* Dashboard.storyboard */ = {isa = PBXFileReference; fileEncoding = 4; lastKnownFileType = file.storyboard; path = Dashboard.storyboard; sourceTree = "<group>"; };
		8C9602051E1FDB7F00EE66A3 /* LaunchViewController.swift */ = {isa = PBXFileReference; fileEncoding = 4; lastKnownFileType = sourcecode.swift; path = LaunchViewController.swift; sourceTree = "<group>"; };
		8C9602061E1FDB7F00EE66A3 /* SignInViewController.swift */ = {isa = PBXFileReference; fileEncoding = 4; lastKnownFileType = sourcecode.swift; path = SignInViewController.swift; sourceTree = "<group>"; };
		8C9602071E1FDB7F00EE66A3 /* SignUpViewController.swift */ = {isa = PBXFileReference; fileEncoding = 4; lastKnownFileType = sourcecode.swift; path = SignUpViewController.swift; sourceTree = "<group>"; };
		8C9602131E1FDB9900EE66A3 /* HomeViewController.swift */ = {isa = PBXFileReference; fileEncoding = 4; lastKnownFileType = sourcecode.swift; path = HomeViewController.swift; sourceTree = "<group>"; };
		8C9602171E1FDFA900EE66A3 /* User.swift */ = {isa = PBXFileReference; fileEncoding = 4; lastKnownFileType = sourcecode.swift; path = User.swift; sourceTree = "<group>"; };
		8C96021C1E1FE14A00EE66A3 /* Roles.swift */ = {isa = PBXFileReference; fileEncoding = 4; lastKnownFileType = sourcecode.swift; path = Roles.swift; sourceTree = "<group>"; };
		8CA4B6E91E28A3DA007C3BE5 /* ReportListViewController.swift */ = {isa = PBXFileReference; fileEncoding = 4; lastKnownFileType = sourcecode.swift; path = ReportListViewController.swift; sourceTree = "<group>"; };
		8CA4B6EE1E28A5A8007C3BE5 /* ApprovalListViewController.swift */ = {isa = PBXFileReference; fileEncoding = 4; lastKnownFileType = sourcecode.swift; path = ApprovalListViewController.swift; sourceTree = "<group>"; };
		8CA4B6F21E28ACA6007C3BE5 /* ReportListTableViewCell.swift */ = {isa = PBXFileReference; fileEncoding = 4; lastKnownFileType = sourcecode.swift; path = ReportListTableViewCell.swift; sourceTree = "<group>"; };
		8CA4B6F61E28C3A6007C3BE5 /* ExpenseListTableViewCell.swift */ = {isa = PBXFileReference; fileEncoding = 4; lastKnownFileType = sourcecode.swift; path = ExpenseListTableViewCell.swift; sourceTree = "<group>"; };
		8CD333181E23BC7D00557B6F /* ExpenseListViewController.swift */ = {isa = PBXFileReference; fileEncoding = 4; lastKnownFileType = sourcecode.swift; path = ExpenseListViewController.swift; sourceTree = "<group>"; };
		8CD3331C1E23C48000557B6F /* SettingsListViewController.swift */ = {isa = PBXFileReference; fileEncoding = 4; lastKnownFileType = sourcecode.swift; path = SettingsListViewController.swift; sourceTree = "<group>"; };
		8CD333201E23C4E500557B6F /* BaseViewControllerWithTableView.swift */ = {isa = PBXFileReference; fileEncoding = 4; lastKnownFileType = sourcecode.swift; path = BaseViewControllerWithTableView.swift; sourceTree = "<group>"; };
		8CE007141E28D7C90089D159 /* ApprovalListTableViewCell.swift */ = {isa = PBXFileReference; fileEncoding = 4; lastKnownFileType = sourcecode.swift; path = ApprovalListTableViewCell.swift; sourceTree = "<group>"; };
		8CE007211E28F3280089D159 /* SettingsTableProfileSectionHeaderView.swift */ = {isa = PBXFileReference; fileEncoding = 4; lastKnownFileType = sourcecode.swift; path = SettingsTableProfileSectionHeaderView.swift; sourceTree = "<group>"; };
		8CE007261E28F3420089D159 /* SettingsTableProfileSectionHeaderView.xib */ = {isa = PBXFileReference; fileEncoding = 4; lastKnownFileType = file.xib; path = SettingsTableProfileSectionHeaderView.xib; sourceTree = "<group>"; };
		C1E5D39D743F2AA54C3A1C46 /* Pods-JustLogin_MECS.debug.xcconfig */ = {isa = PBXFileReference; includeInIndex = 1; lastKnownFileType = text.xcconfig; name = "Pods-JustLogin_MECS.debug.xcconfig"; path = "Pods/Target Support Files/Pods-JustLogin_MECS/Pods-JustLogin_MECS.debug.xcconfig"; sourceTree = "<group>"; };
		CF3885E556538396244297B4 /* Pods-JustLogin_MECSTests.release.xcconfig */ = {isa = PBXFileReference; includeInIndex = 1; lastKnownFileType = text.xcconfig; name = "Pods-JustLogin_MECSTests.release.xcconfig"; path = "Pods/Target Support Files/Pods-JustLogin_MECSTests/Pods-JustLogin_MECSTests.release.xcconfig"; sourceTree = "<group>"; };
/* End PBXFileReference section */

/* Begin PBXFrameworksBuildPhase section */
		8C00F61D1E1E633B0007F29C /* Frameworks */ = {
			isa = PBXFrameworksBuildPhase;
			buildActionMask = 2147483647;
			files = (
				63D504A9DB4D5859AA42DD2D /* Pods_JustLogin_MECS.framework in Frameworks */,
			);
			runOnlyForDeploymentPostprocessing = 0;
		};
		8C00F6311E1E633B0007F29C /* Frameworks */ = {
			isa = PBXFrameworksBuildPhase;
			buildActionMask = 2147483647;
			files = (
				8B05F0FBD4572578B936E0DC /* Pods_JustLogin_MECSTests.framework in Frameworks */,
			);
			runOnlyForDeploymentPostprocessing = 0;
		};
		8C00F63C1E1E633B0007F29C /* Frameworks */ = {
			isa = PBXFrameworksBuildPhase;
			buildActionMask = 2147483647;
			files = (
				839D44459D2522C8846C08E2 /* Pods_JustLogin_MECSUITests.framework in Frameworks */,
			);
			runOnlyForDeploymentPostprocessing = 0;
		};
/* End PBXFrameworksBuildPhase section */

/* Begin PBXGroup section */
		3757AE3A25033B85C87897BC /* Frameworks */ = {
			isa = PBXGroup;
			children = (
				15D37D7EE66395E5AB8DC348 /* Pods_JustLogin_MECS.framework */,
				58A0856FCDD166070D12893C /* Pods_JustLogin_MECSTests.framework */,
				3671BE43F8E06AB95554995F /* Pods_JustLogin_MECSUITests.framework */,
			);
			name = Frameworks;
			sourceTree = "<group>";
		};
		8C00F6171E1E633B0007F29C = {
			isa = PBXGroup;
			children = (
				8C00F6221E1E633B0007F29C /* JustLogin_MECS */,
				8C00F6371E1E633B0007F29C /* JustLogin_MECSTests */,
				8C00F6421E1E633B0007F29C /* JustLogin_MECSUITests */,
				8C00F6211E1E633B0007F29C /* Products */,
				C5CD3670715C6E149859CB9E /* Pods */,
				3757AE3A25033B85C87897BC /* Frameworks */,
			);
			sourceTree = "<group>";
		};
		8C00F6211E1E633B0007F29C /* Products */ = {
			isa = PBXGroup;
			children = (
				8C00F6201E1E633B0007F29C /* JustLogin_MECS.app */,
				8C00F6341E1E633B0007F29C /* JustLogin_MECSTests.xctest */,
				8C00F63F1E1E633B0007F29C /* JustLogin_MECSUITests.xctest */,
			);
			name = Products;
			sourceTree = "<group>";
		};
		8C00F6221E1E633B0007F29C /* JustLogin_MECS */ = {
			isa = PBXGroup;
			children = (
				8C00F6511E1E65070007F29C /* Analytics */,
				8C00F6521E1E651A0007F29C /* App Delegate */,
				8C00F6541E1E651A0007F29C /* Constants */,
				8C96021B1E1FE13100EE66A3 /* Enums */,
				8C00F6551E1E651A0007F29C /* Logger */,
				8C00F6561E1E651A0007F29C /* Manager */,
				8C00F6571E1E651A0007F29C /* Model */,
				8C00F6581E1E651A0007F29C /* Service */,
				8C00F6591E1E651A0007F29C /* Singleton */,
				8C00F65A1E1E651A0007F29C /* Storyboard */,
				8C00F65C1E1E651A0007F29C /* Utilities */,
				8C00F65D1E1E651A0007F29C /* ViewControllers */,
				8C00F65F1E1E651A0007F29C /* Views */,
				8C00F62A1E1E633B0007F29C /* Assets.xcassets */,
				8C00F62C1E1E633B0007F29C /* LaunchScreen.storyboard */,
				8C00F62F1E1E633B0007F29C /* Info.plist */,
			);
			path = JustLogin_MECS;
			sourceTree = "<group>";
		};
		8C00F6371E1E633B0007F29C /* JustLogin_MECSTests */ = {
			isa = PBXGroup;
			children = (
				8C00F6381E1E633B0007F29C /* JustLogin_MECSTests.swift */,
				8C00F63A1E1E633B0007F29C /* Info.plist */,
			);
			path = JustLogin_MECSTests;
			sourceTree = "<group>";
		};
		8C00F6421E1E633B0007F29C /* JustLogin_MECSUITests */ = {
			isa = PBXGroup;
			children = (
				8C00F6431E1E633B0007F29C /* JustLogin_MECSUITests.swift */,
				8C00F6451E1E633B0007F29C /* Info.plist */,
			);
			path = JustLogin_MECSUITests;
			sourceTree = "<group>";
		};
		8C00F6511E1E65070007F29C /* Analytics */ = {
			isa = PBXGroup;
			children = (
			);
			path = Analytics;
			sourceTree = "<group>";
		};
		8C00F6521E1E651A0007F29C /* App Delegate */ = {
			isa = PBXGroup;
			children = (
				8C00F6531E1E651A0007F29C /* AppDelegate.swift */,
			);
			path = "App Delegate";
			sourceTree = "<group>";
		};
		8C00F6541E1E651A0007F29C /* Constants */ = {
			isa = PBXGroup;
			children = (
				8C5141281E1E98EC003AD3B1 /* Constants.swift */,
			);
			path = Constants;
			sourceTree = "<group>";
		};
		8C00F6551E1E651A0007F29C /* Logger */ = {
			isa = PBXGroup;
			children = (
			);
			path = Logger;
			sourceTree = "<group>";
		};
		8C00F6561E1E651A0007F29C /* Manager */ = {
			isa = PBXGroup;
			children = (
			);
			path = Manager;
			sourceTree = "<group>";
		};
		8C00F6571E1E651A0007F29C /* Model */ = {
			isa = PBXGroup;
			children = (
				8C9602171E1FDFA900EE66A3 /* User.swift */,
			);
			path = Model;
			sourceTree = "<group>";
		};
		8C00F6581E1E651A0007F29C /* Service */ = {
			isa = PBXGroup;
			children = (
			);
			path = Service;
			sourceTree = "<group>";
		};
		8C00F6591E1E651A0007F29C /* Singleton */ = {
			isa = PBXGroup;
			children = (
			);
			path = Singleton;
			sourceTree = "<group>";
		};
		8C00F65A1E1E651A0007F29C /* Storyboard */ = {
			isa = PBXGroup;
			children = (
				8C00F65B1E1E651A0007F29C /* Main.storyboard */,
				8C9601FE1E1FAE8C00EE66A3 /* Dashboard.storyboard */,
			);
			path = Storyboard;
			sourceTree = "<group>";
		};
		8C00F65C1E1E651A0007F29C /* Utilities */ = {
			isa = PBXGroup;
			children = (
			);
			path = Utilities;
			sourceTree = "<group>";
		};
		8C00F65D1E1E651A0007F29C /* ViewControllers */ = {
			isa = PBXGroup;
			children = (
				8CA4B6ED1E28A58D007C3BE5 /* Approval */,
				8C5141351E1F5F3D003AD3B1 /* Base */,
				8C9602021E1FDB7F00EE66A3 /* Dashboard */,
				8C9602041E1FDB7F00EE66A3 /* Login */,
				8CD333151E23BC4D00557B6F /* Expense */,
				8CD333161E23BC4D00557B6F /* Report */,
				8CD333171E23BC4D00557B6F /* Settings */,
			);
			path = ViewControllers;
			sourceTree = "<group>";
		};
		8C00F65F1E1E651A0007F29C /* Views */ = {
			isa = PBXGroup;
			children = (
				8CE0071B1E28F1C90089D159 /* Custom Views */,
				8C00F6631E1E86DD0007F29C /* Custom Cells */,
			);
			path = Views;
			sourceTree = "<group>";
		};
		8C00F6631E1E86DD0007F29C /* Custom Cells */ = {
			isa = PBXGroup;
			children = (
				8C5141341E1F5F2F003AD3B1 /* Base */,
				8C00F6641E1E870B0007F29C /* LaunchCollectionViewCell.swift */,
				8CA4B6F21E28ACA6007C3BE5 /* ReportListTableViewCell.swift */,
				8CA4B6F61E28C3A6007C3BE5 /* ExpenseListTableViewCell.swift */,
				8CE007141E28D7C90089D159 /* ApprovalListTableViewCell.swift */,
			);
			path = "Custom Cells";
			sourceTree = "<group>";
		};
		8C5141341E1F5F2F003AD3B1 /* Base */ = {
			isa = PBXGroup;
			children = (
				8C51413A1E1F5F95003AD3B1 /* BaseCustomCollectionViewCell.swift */,
				8C51413E1E1F5FDB003AD3B1 /* BaseCustomTableViewCell.swift */,
			);
			path = Base;
			sourceTree = "<group>";
		};
		8C5141351E1F5F3D003AD3B1 /* Base */ = {
			isa = PBXGroup;
			children = (
				8C5141361E1F5F53003AD3B1 /* BaseViewController.swift */,
				8CD333201E23C4E500557B6F /* BaseViewControllerWithTableView.swift */,
			);
			path = Base;
			sourceTree = "<group>";
		};
		8C9602021E1FDB7F00EE66A3 /* Dashboard */ = {
			isa = PBXGroup;
			children = (
				8C9602131E1FDB9900EE66A3 /* HomeViewController.swift */,
			);
			path = Dashboard;
			sourceTree = "<group>";
		};
		8C9602041E1FDB7F00EE66A3 /* Login */ = {
			isa = PBXGroup;
			children = (
				8C9602051E1FDB7F00EE66A3 /* LaunchViewController.swift */,
				8C9602061E1FDB7F00EE66A3 /* SignInViewController.swift */,
				8C9602071E1FDB7F00EE66A3 /* SignUpViewController.swift */,
			);
			path = Login;
			sourceTree = "<group>";
		};
		8C96021B1E1FE13100EE66A3 /* Enums */ = {
			isa = PBXGroup;
			children = (
				8C96021C1E1FE14A00EE66A3 /* Roles.swift */,
			);
			path = Enums;
			sourceTree = "<group>";
		};
		8CA4B6ED1E28A58D007C3BE5 /* Approval */ = {
			isa = PBXGroup;
			children = (
				8CA4B6EE1E28A5A8007C3BE5 /* ApprovalListViewController.swift */,
			);
			path = Approval;
			sourceTree = "<group>";
		};
		8CD333151E23BC4D00557B6F /* Expense */ = {
			isa = PBXGroup;
			children = (
				8CD333181E23BC7D00557B6F /* ExpenseListViewController.swift */,
			);
			path = Expense;
			sourceTree = "<group>";
		};
		8CD333161E23BC4D00557B6F /* Report */ = {
			isa = PBXGroup;
			children = (
				8CA4B6E91E28A3DA007C3BE5 /* ReportListViewController.swift */,
			);
			path = Report;
			sourceTree = "<group>";
		};
		8CD333171E23BC4D00557B6F /* Settings */ = {
			isa = PBXGroup;
			children = (
				8CD3331C1E23C48000557B6F /* SettingsListViewController.swift */,
			);
			path = Settings;
			sourceTree = "<group>";
		};
		8CE0071B1E28F1C90089D159 /* Custom Views */ = {
			isa = PBXGroup;
			children = (
				8CE007201E28F3280089D159 /* Classes */,
				8CE007221E28F3280089D159 /* Xib */,
			);
			path = "Custom Views";
			sourceTree = "<group>";
		};
		8CE007201E28F3280089D159 /* Classes */ = {
			isa = PBXGroup;
			children = (
				8CE007211E28F3280089D159 /* SettingsTableProfileSectionHeaderView.swift */,
			);
			path = Classes;
			sourceTree = "<group>";
		};
		8CE007221E28F3280089D159 /* Xib */ = {
			isa = PBXGroup;
			children = (
				8CE007261E28F3420089D159 /* SettingsTableProfileSectionHeaderView.xib */,
			);
			path = Xib;
			sourceTree = "<group>";
		};
		C5CD3670715C6E149859CB9E /* Pods */ = {
			isa = PBXGroup;
			children = (
				C1E5D39D743F2AA54C3A1C46 /* Pods-JustLogin_MECS.debug.xcconfig */,
				41F056EBCE94E2A428FC86DB /* Pods-JustLogin_MECS.release.xcconfig */,
				19C1B91D14D85716219E9654 /* Pods-JustLogin_MECSTests.debug.xcconfig */,
				CF3885E556538396244297B4 /* Pods-JustLogin_MECSTests.release.xcconfig */,
				393DAF4CB3929DEB427088BA /* Pods-JustLogin_MECSUITests.debug.xcconfig */,
				103CBA0393E63585FE04544A /* Pods-JustLogin_MECSUITests.release.xcconfig */,
			);
			name = Pods;
			sourceTree = "<group>";
		};
/* End PBXGroup section */

/* Begin PBXNativeTarget section */
		8C00F61F1E1E633B0007F29C /* JustLogin_MECS */ = {
			isa = PBXNativeTarget;
			buildConfigurationList = 8C00F6481E1E633B0007F29C /* Build configuration list for PBXNativeTarget "JustLogin_MECS" */;
			buildPhases = (
				601BB7D618139FC18E80AA28 /* [CP] Check Pods Manifest.lock */,
				8C00F61C1E1E633B0007F29C /* Sources */,
				8C00F61D1E1E633B0007F29C /* Frameworks */,
				8C00F61E1E1E633B0007F29C /* Resources */,
				8A351F301521146F885C1FBC /* [CP] Embed Pods Frameworks */,
				0C93C719CCFB26CB648B27F6 /* [CP] Copy Pods Resources */,
			);
			buildRules = (
			);
			dependencies = (
			);
			name = JustLogin_MECS;
			productName = JustLogin_MECS;
			productReference = 8C00F6201E1E633B0007F29C /* JustLogin_MECS.app */;
			productType = "com.apple.product-type.application";
		};
		8C00F6331E1E633B0007F29C /* JustLogin_MECSTests */ = {
			isa = PBXNativeTarget;
			buildConfigurationList = 8C00F64B1E1E633B0007F29C /* Build configuration list for PBXNativeTarget "JustLogin_MECSTests" */;
			buildPhases = (
				2460DC72FA6CF4BA24A29BC5 /* [CP] Check Pods Manifest.lock */,
				8C00F6301E1E633B0007F29C /* Sources */,
				8C00F6311E1E633B0007F29C /* Frameworks */,
				8C00F6321E1E633B0007F29C /* Resources */,
				E1D4A54F926EE08E615D805A /* [CP] Embed Pods Frameworks */,
				AC4F545170332012C5755841 /* [CP] Copy Pods Resources */,
			);
			buildRules = (
			);
			dependencies = (
				8C00F6361E1E633B0007F29C /* PBXTargetDependency */,
			);
			name = JustLogin_MECSTests;
			productName = JustLogin_MECSTests;
			productReference = 8C00F6341E1E633B0007F29C /* JustLogin_MECSTests.xctest */;
			productType = "com.apple.product-type.bundle.unit-test";
		};
		8C00F63E1E1E633B0007F29C /* JustLogin_MECSUITests */ = {
			isa = PBXNativeTarget;
			buildConfigurationList = 8C00F64E1E1E633B0007F29C /* Build configuration list for PBXNativeTarget "JustLogin_MECSUITests" */;
			buildPhases = (
				87B0C135E70963E77D0B987D /* [CP] Check Pods Manifest.lock */,
				8C00F63B1E1E633B0007F29C /* Sources */,
				8C00F63C1E1E633B0007F29C /* Frameworks */,
				8C00F63D1E1E633B0007F29C /* Resources */,
				16B02B3F46C130BC08A60202 /* [CP] Copy Pods Resources */,
				E6E0A3093A31A70667E92DAE /* [CP] Embed Pods Frameworks */,
			);
			buildRules = (
			);
			dependencies = (
				8C00F6411E1E633B0007F29C /* PBXTargetDependency */,
			);
			name = JustLogin_MECSUITests;
			productName = JustLogin_MECSUITests;
			productReference = 8C00F63F1E1E633B0007F29C /* JustLogin_MECSUITests.xctest */;
			productType = "com.apple.product-type.bundle.ui-testing";
		};
/* End PBXNativeTarget section */

/* Begin PBXProject section */
		8C00F6181E1E633B0007F29C /* Project object */ = {
			isa = PBXProject;
			attributes = {
				LastSwiftUpdateCheck = 0820;
				LastUpgradeCheck = 0820;
				ORGANIZATIONNAME = SMRT;
				TargetAttributes = {
					8C00F61F1E1E633B0007F29C = {
						CreatedOnToolsVersion = 8.2.1;
						ProvisioningStyle = Automatic;
					};
					8C00F6331E1E633B0007F29C = {
						CreatedOnToolsVersion = 8.2.1;
						ProvisioningStyle = Automatic;
						TestTargetID = 8C00F61F1E1E633B0007F29C;
					};
					8C00F63E1E1E633B0007F29C = {
						CreatedOnToolsVersion = 8.2.1;
						ProvisioningStyle = Automatic;
						TestTargetID = 8C00F61F1E1E633B0007F29C;
					};
				};
			};
			buildConfigurationList = 8C00F61B1E1E633B0007F29C /* Build configuration list for PBXProject "JustLogin_MECS" */;
			compatibilityVersion = "Xcode 3.2";
			developmentRegion = English;
			hasScannedForEncodings = 0;
			knownRegions = (
				en,
				Base,
			);
			mainGroup = 8C00F6171E1E633B0007F29C;
			productRefGroup = 8C00F6211E1E633B0007F29C /* Products */;
			projectDirPath = "";
			projectRoot = "";
			targets = (
				8C00F61F1E1E633B0007F29C /* JustLogin_MECS */,
				8C00F6331E1E633B0007F29C /* JustLogin_MECSTests */,
				8C00F63E1E1E633B0007F29C /* JustLogin_MECSUITests */,
			);
		};
/* End PBXProject section */

/* Begin PBXResourcesBuildPhase section */
		8C00F61E1E1E633B0007F29C /* Resources */ = {
			isa = PBXResourcesBuildPhase;
			buildActionMask = 2147483647;
			files = (
				8C00F6611E1E651A0007F29C /* Main.storyboard in Resources */,
				8CE007271E28F3420089D159 /* SettingsTableProfileSectionHeaderView.xib in Resources */,
				8C00F62E1E1E633B0007F29C /* LaunchScreen.storyboard in Resources */,
				8C00F62B1E1E633B0007F29C /* Assets.xcassets in Resources */,
				8C9601FF1E1FAE8C00EE66A3 /* Dashboard.storyboard in Resources */,
			);
			runOnlyForDeploymentPostprocessing = 0;
		};
		8C00F6321E1E633B0007F29C /* Resources */ = {
			isa = PBXResourcesBuildPhase;
			buildActionMask = 2147483647;
			files = (
				8C9602001E1FAE8C00EE66A3 /* Dashboard.storyboard in Resources */,
				8CE007281E28F3420089D159 /* SettingsTableProfileSectionHeaderView.xib in Resources */,
			);
			runOnlyForDeploymentPostprocessing = 0;
		};
		8C00F63D1E1E633B0007F29C /* Resources */ = {
			isa = PBXResourcesBuildPhase;
			buildActionMask = 2147483647;
			files = (
				8C9602011E1FAE8C00EE66A3 /* Dashboard.storyboard in Resources */,
				8CE007291E28F3420089D159 /* SettingsTableProfileSectionHeaderView.xib in Resources */,
			);
			runOnlyForDeploymentPostprocessing = 0;
		};
/* End PBXResourcesBuildPhase section */

/* Begin PBXShellScriptBuildPhase section */
		0C93C719CCFB26CB648B27F6 /* [CP] Copy Pods Resources */ = {
			isa = PBXShellScriptBuildPhase;
			buildActionMask = 2147483647;
			files = (
			);
			inputPaths = (
			);
			name = "[CP] Copy Pods Resources";
			outputPaths = (
			);
			runOnlyForDeploymentPostprocessing = 0;
			shellPath = /bin/sh;
			shellScript = "\"${SRCROOT}/Pods/Target Support Files/Pods-JustLogin_MECS/Pods-JustLogin_MECS-resources.sh\"\n";
			showEnvVarsInLog = 0;
		};
		16B02B3F46C130BC08A60202 /* [CP] Copy Pods Resources */ = {
			isa = PBXShellScriptBuildPhase;
			buildActionMask = 2147483647;
			files = (
			);
			inputPaths = (
			);
			name = "[CP] Copy Pods Resources";
			outputPaths = (
			);
			runOnlyForDeploymentPostprocessing = 0;
			shellPath = /bin/sh;
			shellScript = "\"${SRCROOT}/Pods/Target Support Files/Pods-JustLogin_MECSUITests/Pods-JustLogin_MECSUITests-resources.sh\"\n";
			showEnvVarsInLog = 0;
		};
		2460DC72FA6CF4BA24A29BC5 /* [CP] Check Pods Manifest.lock */ = {
			isa = PBXShellScriptBuildPhase;
			buildActionMask = 2147483647;
			files = (
			);
			inputPaths = (
			);
			name = "[CP] Check Pods Manifest.lock";
			outputPaths = (
			);
			runOnlyForDeploymentPostprocessing = 0;
			shellPath = /bin/sh;
			shellScript = "diff \"${PODS_ROOT}/../Podfile.lock\" \"${PODS_ROOT}/Manifest.lock\" > /dev/null\nif [ $? != 0 ] ; then\n    # print error to STDERR\n    echo \"error: The sandbox is not in sync with the Podfile.lock. Run 'pod install' or update your CocoaPods installation.\" >&2\n    exit 1\nfi\n";
			showEnvVarsInLog = 0;
		};
		601BB7D618139FC18E80AA28 /* [CP] Check Pods Manifest.lock */ = {
			isa = PBXShellScriptBuildPhase;
			buildActionMask = 2147483647;
			files = (
			);
			inputPaths = (
			);
			name = "[CP] Check Pods Manifest.lock";
			outputPaths = (
			);
			runOnlyForDeploymentPostprocessing = 0;
			shellPath = /bin/sh;
			shellScript = "diff \"${PODS_ROOT}/../Podfile.lock\" \"${PODS_ROOT}/Manifest.lock\" > /dev/null\nif [ $? != 0 ] ; then\n    # print error to STDERR\n    echo \"error: The sandbox is not in sync with the Podfile.lock. Run 'pod install' or update your CocoaPods installation.\" >&2\n    exit 1\nfi\n";
			showEnvVarsInLog = 0;
		};
		87B0C135E70963E77D0B987D /* [CP] Check Pods Manifest.lock */ = {
			isa = PBXShellScriptBuildPhase;
			buildActionMask = 2147483647;
			files = (
			);
			inputPaths = (
			);
			name = "[CP] Check Pods Manifest.lock";
			outputPaths = (
			);
			runOnlyForDeploymentPostprocessing = 0;
			shellPath = /bin/sh;
			shellScript = "diff \"${PODS_ROOT}/../Podfile.lock\" \"${PODS_ROOT}/Manifest.lock\" > /dev/null\nif [ $? != 0 ] ; then\n    # print error to STDERR\n    echo \"error: The sandbox is not in sync with the Podfile.lock. Run 'pod install' or update your CocoaPods installation.\" >&2\n    exit 1\nfi\n";
			showEnvVarsInLog = 0;
		};
		8A351F301521146F885C1FBC /* [CP] Embed Pods Frameworks */ = {
			isa = PBXShellScriptBuildPhase;
			buildActionMask = 2147483647;
			files = (
			);
			inputPaths = (
			);
			name = "[CP] Embed Pods Frameworks";
			outputPaths = (
			);
			runOnlyForDeploymentPostprocessing = 0;
			shellPath = /bin/sh;
			shellScript = "\"${SRCROOT}/Pods/Target Support Files/Pods-JustLogin_MECS/Pods-JustLogin_MECS-frameworks.sh\"\n";
			showEnvVarsInLog = 0;
		};
		AC4F545170332012C5755841 /* [CP] Copy Pods Resources */ = {
			isa = PBXShellScriptBuildPhase;
			buildActionMask = 2147483647;
			files = (
			);
			inputPaths = (
			);
			name = "[CP] Copy Pods Resources";
			outputPaths = (
			);
			runOnlyForDeploymentPostprocessing = 0;
			shellPath = /bin/sh;
			shellScript = "\"${SRCROOT}/Pods/Target Support Files/Pods-JustLogin_MECSTests/Pods-JustLogin_MECSTests-resources.sh\"\n";
			showEnvVarsInLog = 0;
		};
		E1D4A54F926EE08E615D805A /* [CP] Embed Pods Frameworks */ = {
			isa = PBXShellScriptBuildPhase;
			buildActionMask = 2147483647;
			files = (
			);
			inputPaths = (
			);
			name = "[CP] Embed Pods Frameworks";
			outputPaths = (
			);
			runOnlyForDeploymentPostprocessing = 0;
			shellPath = /bin/sh;
			shellScript = "\"${SRCROOT}/Pods/Target Support Files/Pods-JustLogin_MECSTests/Pods-JustLogin_MECSTests-frameworks.sh\"\n";
			showEnvVarsInLog = 0;
		};
		E6E0A3093A31A70667E92DAE /* [CP] Embed Pods Frameworks */ = {
			isa = PBXShellScriptBuildPhase;
			buildActionMask = 2147483647;
			files = (
			);
			inputPaths = (
			);
			name = "[CP] Embed Pods Frameworks";
			outputPaths = (
			);
			runOnlyForDeploymentPostprocessing = 0;
			shellPath = /bin/sh;
			shellScript = "\"${SRCROOT}/Pods/Target Support Files/Pods-JustLogin_MECSUITests/Pods-JustLogin_MECSUITests-frameworks.sh\"\n";
			showEnvVarsInLog = 0;
		};
/* End PBXShellScriptBuildPhase section */

/* Begin PBXSourcesBuildPhase section */
		8C00F61C1E1E633B0007F29C /* Sources */ = {
			isa = PBXSourcesBuildPhase;
			buildActionMask = 2147483647;
			files = (
				8CA4B6EA1E28A3DA007C3BE5 /* ReportListViewController.swift in Sources */,
				8CD3331D1E23C48000557B6F /* SettingsListViewController.swift in Sources */,
				8C96020D1E1FDB7F00EE66A3 /* SignInViewController.swift in Sources */,
				8CD333191E23BC7D00557B6F /* ExpenseListViewController.swift in Sources */,
				8CA4B6F71E28C3A6007C3BE5 /* ExpenseListTableViewCell.swift in Sources */,
				8C00F6651E1E870B0007F29C /* LaunchCollectionViewCell.swift in Sources */,
				8C96020A1E1FDB7F00EE66A3 /* LaunchViewController.swift in Sources */,
				8C00F6601E1E651A0007F29C /* AppDelegate.swift in Sources */,
				8C9602101E1FDB7F00EE66A3 /* SignUpViewController.swift in Sources */,
				8C9602141E1FDB9900EE66A3 /* HomeViewController.swift in Sources */,
				8CA4B6EF1E28A5A8007C3BE5 /* ApprovalListViewController.swift in Sources */,
				8CE007231E28F3280089D159 /* SettingsTableProfileSectionHeaderView.swift in Sources */,
				8CD333211E23C4E500557B6F /* BaseViewControllerWithTableView.swift in Sources */,
				8C5141291E1E98EC003AD3B1 /* Constants.swift in Sources */,
				8C51413B1E1F5F95003AD3B1 /* BaseCustomCollectionViewCell.swift in Sources */,
				8C51413F1E1F5FDB003AD3B1 /* BaseCustomTableViewCell.swift in Sources */,
				8C5141371E1F5F53003AD3B1 /* BaseViewController.swift in Sources */,
				8C9602181E1FDFA900EE66A3 /* User.swift in Sources */,
				8C96021D1E1FE14A00EE66A3 /* Roles.swift in Sources */,
				8CE007151E28D7C90089D159 /* ApprovalListTableViewCell.swift in Sources */,
				8CA4B6F31E28ACA6007C3BE5 /* ReportListTableViewCell.swift in Sources */,
			);
			runOnlyForDeploymentPostprocessing = 0;
		};
		8C00F6301E1E633B0007F29C /* Sources */ = {
			isa = PBXSourcesBuildPhase;
			buildActionMask = 2147483647;
			files = (
				8C00F6391E1E633B0007F29C /* JustLogin_MECSTests.swift in Sources */,
			);
			runOnlyForDeploymentPostprocessing = 0;
		};
		8C00F63B1E1E633B0007F29C /* Sources */ = {
			isa = PBXSourcesBuildPhase;
			buildActionMask = 2147483647;
			files = (
				8C00F6441E1E633B0007F29C /* JustLogin_MECSUITests.swift in Sources */,
			);
			runOnlyForDeploymentPostprocessing = 0;
		};
/* End PBXSourcesBuildPhase section */

/* Begin PBXTargetDependency section */
		8C00F6361E1E633B0007F29C /* PBXTargetDependency */ = {
			isa = PBXTargetDependency;
			target = 8C00F61F1E1E633B0007F29C /* JustLogin_MECS */;
			targetProxy = 8C00F6351E1E633B0007F29C /* PBXContainerItemProxy */;
		};
		8C00F6411E1E633B0007F29C /* PBXTargetDependency */ = {
			isa = PBXTargetDependency;
			target = 8C00F61F1E1E633B0007F29C /* JustLogin_MECS */;
			targetProxy = 8C00F6401E1E633B0007F29C /* PBXContainerItemProxy */;
		};
/* End PBXTargetDependency section */

/* Begin PBXVariantGroup section */
		8C00F62C1E1E633B0007F29C /* LaunchScreen.storyboard */ = {
			isa = PBXVariantGroup;
			children = (
				8C00F62D1E1E633B0007F29C /* Base */,
			);
			name = LaunchScreen.storyboard;
			sourceTree = "<group>";
		};
/* End PBXVariantGroup section */

/* Begin XCBuildConfiguration section */
		8C00F6461E1E633B0007F29C /* Debug */ = {
			isa = XCBuildConfiguration;
			buildSettings = {
				ALWAYS_SEARCH_USER_PATHS = NO;
				CLANG_ANALYZER_NONNULL = YES;
				CLANG_CXX_LANGUAGE_STANDARD = "gnu++0x";
				CLANG_CXX_LIBRARY = "libc++";
				CLANG_ENABLE_MODULES = YES;
				CLANG_ENABLE_OBJC_ARC = YES;
				CLANG_WARN_BOOL_CONVERSION = YES;
				CLANG_WARN_CONSTANT_CONVERSION = YES;
				CLANG_WARN_DIRECT_OBJC_ISA_USAGE = YES_ERROR;
				CLANG_WARN_DOCUMENTATION_COMMENTS = YES;
				CLANG_WARN_EMPTY_BODY = YES;
				CLANG_WARN_ENUM_CONVERSION = YES;
				CLANG_WARN_INFINITE_RECURSION = YES;
				CLANG_WARN_INT_CONVERSION = YES;
				CLANG_WARN_OBJC_ROOT_CLASS = YES_ERROR;
				CLANG_WARN_SUSPICIOUS_MOVE = YES;
				CLANG_WARN_UNREACHABLE_CODE = YES;
				CLANG_WARN__DUPLICATE_METHOD_MATCH = YES;
				"CODE_SIGN_IDENTITY[sdk=iphoneos*]" = "iPhone Developer";
				COPY_PHASE_STRIP = NO;
				DEBUG_INFORMATION_FORMAT = dwarf;
				ENABLE_STRICT_OBJC_MSGSEND = YES;
				ENABLE_TESTABILITY = YES;
				GCC_C_LANGUAGE_STANDARD = gnu99;
				GCC_DYNAMIC_NO_PIC = NO;
				GCC_NO_COMMON_BLOCKS = YES;
				GCC_OPTIMIZATION_LEVEL = 0;
				GCC_PREPROCESSOR_DEFINITIONS = (
					"DEBUG=1",
					"$(inherited)",
				);
				GCC_WARN_64_TO_32_BIT_CONVERSION = YES;
				GCC_WARN_ABOUT_RETURN_TYPE = YES_ERROR;
				GCC_WARN_UNDECLARED_SELECTOR = YES;
				GCC_WARN_UNINITIALIZED_AUTOS = YES_AGGRESSIVE;
				GCC_WARN_UNUSED_FUNCTION = YES;
				GCC_WARN_UNUSED_VARIABLE = YES;
				IPHONEOS_DEPLOYMENT_TARGET = 10.2;
				MTL_ENABLE_DEBUG_INFO = YES;
				ONLY_ACTIVE_ARCH = YES;
				SDKROOT = iphoneos;
				SWIFT_ACTIVE_COMPILATION_CONDITIONS = DEBUG;
				SWIFT_OPTIMIZATION_LEVEL = "-Onone";
				TARGETED_DEVICE_FAMILY = "1,2";
			};
			name = Debug;
		};
		8C00F6471E1E633B0007F29C /* Release */ = {
			isa = XCBuildConfiguration;
			buildSettings = {
				ALWAYS_SEARCH_USER_PATHS = NO;
				CLANG_ANALYZER_NONNULL = YES;
				CLANG_CXX_LANGUAGE_STANDARD = "gnu++0x";
				CLANG_CXX_LIBRARY = "libc++";
				CLANG_ENABLE_MODULES = YES;
				CLANG_ENABLE_OBJC_ARC = YES;
				CLANG_WARN_BOOL_CONVERSION = YES;
				CLANG_WARN_CONSTANT_CONVERSION = YES;
				CLANG_WARN_DIRECT_OBJC_ISA_USAGE = YES_ERROR;
				CLANG_WARN_DOCUMENTATION_COMMENTS = YES;
				CLANG_WARN_EMPTY_BODY = YES;
				CLANG_WARN_ENUM_CONVERSION = YES;
				CLANG_WARN_INFINITE_RECURSION = YES;
				CLANG_WARN_INT_CONVERSION = YES;
				CLANG_WARN_OBJC_ROOT_CLASS = YES_ERROR;
				CLANG_WARN_SUSPICIOUS_MOVE = YES;
				CLANG_WARN_UNREACHABLE_CODE = YES;
				CLANG_WARN__DUPLICATE_METHOD_MATCH = YES;
				"CODE_SIGN_IDENTITY[sdk=iphoneos*]" = "iPhone Developer";
				COPY_PHASE_STRIP = NO;
				DEBUG_INFORMATION_FORMAT = "dwarf-with-dsym";
				ENABLE_NS_ASSERTIONS = NO;
				ENABLE_STRICT_OBJC_MSGSEND = YES;
				GCC_C_LANGUAGE_STANDARD = gnu99;
				GCC_NO_COMMON_BLOCKS = YES;
				GCC_WARN_64_TO_32_BIT_CONVERSION = YES;
				GCC_WARN_ABOUT_RETURN_TYPE = YES_ERROR;
				GCC_WARN_UNDECLARED_SELECTOR = YES;
				GCC_WARN_UNINITIALIZED_AUTOS = YES_AGGRESSIVE;
				GCC_WARN_UNUSED_FUNCTION = YES;
				GCC_WARN_UNUSED_VARIABLE = YES;
				IPHONEOS_DEPLOYMENT_TARGET = 10.2;
				MTL_ENABLE_DEBUG_INFO = NO;
				SDKROOT = iphoneos;
				SWIFT_OPTIMIZATION_LEVEL = "-Owholemodule";
				TARGETED_DEVICE_FAMILY = "1,2";
				VALIDATE_PRODUCT = YES;
			};
			name = Release;
		};
		8C00F6491E1E633B0007F29C /* Debug */ = {
			isa = XCBuildConfiguration;
			baseConfigurationReference = C1E5D39D743F2AA54C3A1C46 /* Pods-JustLogin_MECS.debug.xcconfig */;
			buildSettings = {
				ALWAYS_EMBED_SWIFT_STANDARD_LIBRARIES = "$(inherited)";
				ASSETCATALOG_COMPILER_APPICON_NAME = AppIcon;
				INFOPLIST_FILE = JustLogin_MECS/Info.plist;
				IPHONEOS_DEPLOYMENT_TARGET = 9.0;
				LD_RUNPATH_SEARCH_PATHS = "$(inherited) @executable_path/Frameworks";
				PRODUCT_BUNDLE_IDENTIFIER = "com.footyapps27.JustLogin-MECS";
				PRODUCT_NAME = "$(TARGET_NAME)";
				SWIFT_VERSION = 3.0;
			};
			name = Debug;
		};
		8C00F64A1E1E633B0007F29C /* Release */ = {
			isa = XCBuildConfiguration;
			baseConfigurationReference = 41F056EBCE94E2A428FC86DB /* Pods-JustLogin_MECS.release.xcconfig */;
			buildSettings = {
				ALWAYS_EMBED_SWIFT_STANDARD_LIBRARIES = "$(inherited)";
				ASSETCATALOG_COMPILER_APPICON_NAME = AppIcon;
				INFOPLIST_FILE = JustLogin_MECS/Info.plist;
				IPHONEOS_DEPLOYMENT_TARGET = 9.0;
				LD_RUNPATH_SEARCH_PATHS = "$(inherited) @executable_path/Frameworks";
				PRODUCT_BUNDLE_IDENTIFIER = "com.footyapps27.JustLogin-MECS";
				PRODUCT_NAME = "$(TARGET_NAME)";
				SWIFT_VERSION = 3.0;
			};
			name = Release;
		};
		8C00F64C1E1E633B0007F29C /* Debug */ = {
			isa = XCBuildConfiguration;
			baseConfigurationReference = 19C1B91D14D85716219E9654 /* Pods-JustLogin_MECSTests.debug.xcconfig */;
			buildSettings = {
				ALWAYS_EMBED_SWIFT_STANDARD_LIBRARIES = "$(inherited)";
				BUNDLE_LOADER = "$(TEST_HOST)";
				INFOPLIST_FILE = JustLogin_MECSTests/Info.plist;
				LD_RUNPATH_SEARCH_PATHS = "$(inherited) @executable_path/Frameworks @loader_path/Frameworks";
				PRODUCT_BUNDLE_IDENTIFIER = "com.footyapps27.JustLogin-MECSTests";
				PRODUCT_NAME = "$(TARGET_NAME)";
				SWIFT_VERSION = 3.0;
				TEST_HOST = "$(BUILT_PRODUCTS_DIR)/JustLogin_MECS.app/JustLogin_MECS";
			};
			name = Debug;
		};
		8C00F64D1E1E633B0007F29C /* Release */ = {
			isa = XCBuildConfiguration;
			baseConfigurationReference = CF3885E556538396244297B4 /* Pods-JustLogin_MECSTests.release.xcconfig */;
			buildSettings = {
				ALWAYS_EMBED_SWIFT_STANDARD_LIBRARIES = "$(inherited)";
				BUNDLE_LOADER = "$(TEST_HOST)";
				INFOPLIST_FILE = JustLogin_MECSTests/Info.plist;
				LD_RUNPATH_SEARCH_PATHS = "$(inherited) @executable_path/Frameworks @loader_path/Frameworks";
				PRODUCT_BUNDLE_IDENTIFIER = "com.footyapps27.JustLogin-MECSTests";
				PRODUCT_NAME = "$(TARGET_NAME)";
				SWIFT_VERSION = 3.0;
				TEST_HOST = "$(BUILT_PRODUCTS_DIR)/JustLogin_MECS.app/JustLogin_MECS";
			};
			name = Release;
		};
		8C00F64F1E1E633B0007F29C /* Debug */ = {
			isa = XCBuildConfiguration;
			baseConfigurationReference = 393DAF4CB3929DEB427088BA /* Pods-JustLogin_MECSUITests.debug.xcconfig */;
			buildSettings = {
				ALWAYS_EMBED_SWIFT_STANDARD_LIBRARIES = "$(inherited)";
				INFOPLIST_FILE = JustLogin_MECSUITests/Info.plist;
				LD_RUNPATH_SEARCH_PATHS = "$(inherited) @executable_path/Frameworks @loader_path/Frameworks";
				PRODUCT_BUNDLE_IDENTIFIER = "com.footyapps27.JustLogin-MECSUITests";
				PRODUCT_NAME = "$(TARGET_NAME)";
				SWIFT_VERSION = 3.0;
				TEST_TARGET_NAME = JustLogin_MECS;
			};
			name = Debug;
		};
		8C00F6501E1E633B0007F29C /* Release */ = {
			isa = XCBuildConfiguration;
			baseConfigurationReference = 103CBA0393E63585FE04544A /* Pods-JustLogin_MECSUITests.release.xcconfig */;
			buildSettings = {
				ALWAYS_EMBED_SWIFT_STANDARD_LIBRARIES = "$(inherited)";
				INFOPLIST_FILE = JustLogin_MECSUITests/Info.plist;
				LD_RUNPATH_SEARCH_PATHS = "$(inherited) @executable_path/Frameworks @loader_path/Frameworks";
				PRODUCT_BUNDLE_IDENTIFIER = "com.footyapps27.JustLogin-MECSUITests";
				PRODUCT_NAME = "$(TARGET_NAME)";
				SWIFT_VERSION = 3.0;
				TEST_TARGET_NAME = JustLogin_MECS;
			};
			name = Release;
		};
/* End XCBuildConfiguration section */

/* Begin XCConfigurationList section */
		8C00F61B1E1E633B0007F29C /* Build configuration list for PBXProject "JustLogin_MECS" */ = {
			isa = XCConfigurationList;
			buildConfigurations = (
				8C00F6461E1E633B0007F29C /* Debug */,
				8C00F6471E1E633B0007F29C /* Release */,
			);
			defaultConfigurationIsVisible = 0;
			defaultConfigurationName = Release;
		};
		8C00F6481E1E633B0007F29C /* Build configuration list for PBXNativeTarget "JustLogin_MECS" */ = {
			isa = XCConfigurationList;
			buildConfigurations = (
				8C00F6491E1E633B0007F29C /* Debug */,
				8C00F64A1E1E633B0007F29C /* Release */,
			);
			defaultConfigurationIsVisible = 0;
			defaultConfigurationName = Release;
		};
		8C00F64B1E1E633B0007F29C /* Build configuration list for PBXNativeTarget "JustLogin_MECSTests" */ = {
			isa = XCConfigurationList;
			buildConfigurations = (
				8C00F64C1E1E633B0007F29C /* Debug */,
				8C00F64D1E1E633B0007F29C /* Release */,
			);
			defaultConfigurationIsVisible = 0;
			defaultConfigurationName = Release;
		};
		8C00F64E1E1E633B0007F29C /* Build configuration list for PBXNativeTarget "JustLogin_MECSUITests" */ = {
			isa = XCConfigurationList;
			buildConfigurations = (
				8C00F64F1E1E633B0007F29C /* Debug */,
				8C00F6501E1E633B0007F29C /* Release */,
			);
			defaultConfigurationIsVisible = 0;
			defaultConfigurationName = Release;
		};
/* End XCConfigurationList section */
	};
	rootObject = 8C00F6181E1E633B0007F29C /* Project object */;
}
